// !$*UTF8*$!
{
	archiveVersion = 1;
	classes = {
	};
	objectVersion = 55;
	objects = {

/* Begin PBXBuildFile section */
		3E958C5E2E691181F0D2CE46 /* Pods_IdEatThere.framework in Frameworks */ = {isa = PBXBuildFile; fileRef = 92EF205CBF9EB2037722FFD8 /* Pods_IdEatThere.framework */; };
		8603C24529653488006C1A58 /* MapView.swift in Sources */ = {isa = PBXBuildFile; fileRef = 8603C24429653488006C1A58 /* MapView.swift */; };
		8603C247296534CB006C1A58 /* MyGroupsView.swift in Sources */ = {isa = PBXBuildFile; fileRef = 8603C246296534CB006C1A58 /* MyGroupsView.swift */; };
		8603C24A296534DE006C1A58 /* MyProfileView.swift in Sources */ = {isa = PBXBuildFile; fileRef = 8603C249296534DE006C1A58 /* MyProfileView.swift */; };
		8603C24D29653EA4006C1A58 /* EditUserProfile.swift in Sources */ = {isa = PBXBuildFile; fileRef = 8603C24C29653EA4006C1A58 /* EditUserProfile.swift */; };
		8603C24F29653EA9006C1A58 /* EditUserProfileButton.swift in Sources */ = {isa = PBXBuildFile; fileRef = 8603C24E29653EA9006C1A58 /* EditUserProfileButton.swift */; };
		8603C25129653EEC006C1A58 /* LogoutForm.swift in Sources */ = {isa = PBXBuildFile; fileRef = 8603C25029653EEC006C1A58 /* LogoutForm.swift */; };
		8627F9EA29672EBF00382DA8 /* AttributeTag.swift in Sources */ = {isa = PBXBuildFile; fileRef = 8627F9E929672EBF00382DA8 /* AttributeTag.swift */; };
		8627F9F129674F6D00382DA8 /* Color.swift in Sources */ = {isa = PBXBuildFile; fileRef = 8627F9F029674F6D00382DA8 /* Color.swift */; };
		8627F9F429676C5900382DA8 /* CircleButton.swift in Sources */ = {isa = PBXBuildFile; fileRef = 8627F9F329676C5900382DA8 /* CircleButton.swift */; };
		8627F9FB2967769800382DA8 /* ChevronDownButton.swift in Sources */ = {isa = PBXBuildFile; fileRef = 8627F9FA2967769800382DA8 /* ChevronDownButton.swift */; };
		8627F9FD2967811000382DA8 /* CircleButtonAnimation.swift in Sources */ = {isa = PBXBuildFile; fileRef = 8627F9FC2967811000382DA8 /* CircleButtonAnimation.swift */; };
		8627F9FF2967F17200382DA8 /* UIApplication.swift in Sources */ = {isa = PBXBuildFile; fileRef = 8627F9FE2967F17200382DA8 /* UIApplication.swift */; };
		8627FA022967F63900382DA8 /* RestaurantsDataServices.swift in Sources */ = {isa = PBXBuildFile; fileRef = 8627FA012967F63800382DA8 /* RestaurantsDataServices.swift */; };
		8627FA0429687D3A00382DA8 /* XMarkButton.swift in Sources */ = {isa = PBXBuildFile; fileRef = 8627FA0329687D3A00382DA8 /* XMarkButton.swift */; };
		862C8B5C29A6B53F00768DDE /* LaunchViewModel.swift in Sources */ = {isa = PBXBuildFile; fileRef = 862C8B5B29A6B53F00768DDE /* LaunchViewModel.swift */; };
		862C8B6429A7CC5300768DDE /* SplashScreen.swift in Sources */ = {isa = PBXBuildFile; fileRef = 862C8B6329A7CC5300768DDE /* SplashScreen.swift */; };
		862C8B6629A7CEC900768DDE /* SplashScreenButton.swift in Sources */ = {isa = PBXBuildFile; fileRef = 862C8B6529A7CEC900768DDE /* SplashScreenButton.swift */; };
		862C8B6829A7D46E00768DDE /* AddingToMyGroupsView.swift in Sources */ = {isa = PBXBuildFile; fileRef = 862C8B6729A7D46E00768DDE /* AddingToMyGroupsView.swift */; };
		862C8B6A29A7F4F500768DDE /* GroupTest.swift in Sources */ = {isa = PBXBuildFile; fileRef = 862C8B6929A7F4F500768DDE /* GroupTest.swift */; };
		862C8B6C29A852A200768DDE /* UserHostDetailsViewModel.swift in Sources */ = {isa = PBXBuildFile; fileRef = 862C8B6B29A852A100768DDE /* UserHostDetailsViewModel.swift */; };
		862C8B6E29A90FB400768DDE /* SelectContactsView.swift in Sources */ = {isa = PBXBuildFile; fileRef = 862C8B6D29A90FB400768DDE /* SelectContactsView.swift */; };
		862C8B7029A9299900768DDE /* CreateGroupButton.swift in Sources */ = {isa = PBXBuildFile; fileRef = 862C8B6F29A9299900768DDE /* CreateGroupButton.swift */; };
		86358C5F2A07FE3C00693245 /* DateExtension.swift in Sources */ = {isa = PBXBuildFile; fileRef = 86358C5E2A07FE3C00693245 /* DateExtension.swift */; };
		86358C612A080E7300693245 /* Calendar.swift in Sources */ = {isa = PBXBuildFile; fileRef = 86358C602A080E7300693245 /* Calendar.swift */; };
		86358C672A0853D300693245 /* CalendarEventSheetView.swift in Sources */ = {isa = PBXBuildFile; fileRef = 86358C662A0853D300693245 /* CalendarEventSheetView.swift */; };
		86358C692A0856AE00693245 /* CalendarEventListRowView.swift in Sources */ = {isa = PBXBuildFile; fileRef = 86358C682A0856AE00693245 /* CalendarEventListRowView.swift */; };
		86358C6B2A0869AA00693245 /* HostGroupView.swift in Sources */ = {isa = PBXBuildFile; fileRef = 86358C6A2A0869AA00693245 /* HostGroupView.swift */; };
		86358C6D2A0869C100693245 /* AttendeeGroupView.swift in Sources */ = {isa = PBXBuildFile; fileRef = 86358C6C2A0869C100693245 /* AttendeeGroupView.swift */; };
		86358C6F2A09743500693245 /* ProfileSettingsButton.swift in Sources */ = {isa = PBXBuildFile; fileRef = 86358C6E2A09743500693245 /* ProfileSettingsButton.swift */; };
		86358C712A12C03000693245 /* ViewModifiers.swift in Sources */ = {isa = PBXBuildFile; fileRef = 86358C702A12C03000693245 /* ViewModifiers.swift */; };
		8643085D2A07658000A8ABFB /* ProfileButton.swift in Sources */ = {isa = PBXBuildFile; fileRef = 8643085C2A07658000A8ABFB /* ProfileButton.swift */; };
		8643AB42296B7DFE0069D5F5 /* CallButton.swift in Sources */ = {isa = PBXBuildFile; fileRef = 8643AB41296B7DFE0069D5F5 /* CallButton.swift */; };
		8643AB44296B7F1F0069D5F5 /* ReviewsLinkButton.swift in Sources */ = {isa = PBXBuildFile; fileRef = 8643AB43296B7F1F0069D5F5 /* ReviewsLinkButton.swift */; };
		8643AB46296B7FAA0069D5F5 /* MapLinkButton.swift in Sources */ = {isa = PBXBuildFile; fileRef = 8643AB45296B7FAA0069D5F5 /* MapLinkButton.swift */; };
		8643AB48296B83CC0069D5F5 /* AddToMyGroupButton.swift in Sources */ = {isa = PBXBuildFile; fileRef = 8643AB47296B83CC0069D5F5 /* AddToMyGroupButton.swift */; };
		8643AB4D296C44EC0069D5F5 /* CustomTabBar.swift in Sources */ = {isa = PBXBuildFile; fileRef = 8643AB4C296C44EB0069D5F5 /* CustomTabBar.swift */; };
		8643AB4F296C499C0069D5F5 /* AppDelegate.swift in Sources */ = {isa = PBXBuildFile; fileRef = 8643AB4E296C499C0069D5F5 /* AppDelegate.swift */; };
		8643AB6D296C792C0069D5F5 /* Fonts.swift in Sources */ = {isa = PBXBuildFile; fileRef = 8643AB6C296C792C0069D5F5 /* Fonts.swift */; };
		8643AB87296C7EB00069D5F5 /* NotoSerifToto-VariableFont_wght.ttf in Resources */ = {isa = PBXBuildFile; fileRef = 8643AB86296C7EB00069D5F5 /* NotoSerifToto-VariableFont_wght.ttf */; };
		8643AB89296C87EA0069D5F5 /* NoGroupsYet.swift in Sources */ = {isa = PBXBuildFile; fileRef = 8643AB88296C87EA0069D5F5 /* NoGroupsYet.swift */; };
		8643AB8B296C905E0069D5F5 /* HostButton.swift in Sources */ = {isa = PBXBuildFile; fileRef = 8643AB8A296C905E0069D5F5 /* HostButton.swift */; };
		8643AB8D296C94AF0069D5F5 /* CreateGroupsView.swift in Sources */ = {isa = PBXBuildFile; fileRef = 8643AB8C296C94AF0069D5F5 /* CreateGroupsView.swift */; };
		8643AB8F296CC3190069D5F5 /* MyGroupsModel.swift in Sources */ = {isa = PBXBuildFile; fileRef = 8643AB8E296CC3190069D5F5 /* MyGroupsModel.swift */; };
		8643AB91296CC4050069D5F5 /* GroupsDataService.swift in Sources */ = {isa = PBXBuildFile; fileRef = 8643AB90296CC4050069D5F5 /* GroupsDataService.swift */; };
		864B2A6D299E971600D8AAF5 /* GridButton.swift in Sources */ = {isa = PBXBuildFile; fileRef = 864B2A6C299E971600D8AAF5 /* GridButton.swift */; };
		864B2A6F299EA36400D8AAF5 /* TabBarButton.swift in Sources */ = {isa = PBXBuildFile; fileRef = 864B2A6E299EA36400D8AAF5 /* TabBarButton.swift */; };
		864B2A71299EAF9700D8AAF5 /* SelectedGroupView.swift in Sources */ = {isa = PBXBuildFile; fileRef = 864B2A70299EAF9700D8AAF5 /* SelectedGroupView.swift */; };
		864B2A73299EB07600D8AAF5 /* Groups.swift in Sources */ = {isa = PBXBuildFile; fileRef = 864B2A72299EB07600D8AAF5 /* Groups.swift */; };
		86726A27299D684D00ED4DB7 /* ActionButton in Frameworks */ = {isa = PBXBuildFile; productRef = 86726A26299D684D00ED4DB7 /* ActionButton */; };
		86726A29299D6C6200ED4DB7 /* EmailView.swift in Sources */ = {isa = PBXBuildFile; fileRef = 86726A28299D6C6200ED4DB7 /* EmailView.swift */; };
		867464CD297753C900358EEF /* ContactsListView.swift in Sources */ = {isa = PBXBuildFile; fileRef = 867464CC297753C900358EEF /* ContactsListView.swift */; };
		867464CF2977544400358EEF /* GroupsListView.swift in Sources */ = {isa = PBXBuildFile; fileRef = 867464CE2977544400358EEF /* GroupsListView.swift */; };
		867C99D8299996C700E57C3C /* HostSelectedContactsButton.swift in Sources */ = {isa = PBXBuildFile; fileRef = 867C99D7299996C700E57C3C /* HostSelectedContactsButton.swift */; };
		867C99DB2999AB0D00E57C3C /* ContactsRow.swift in Sources */ = {isa = PBXBuildFile; fileRef = 867C99DA2999AB0D00E57C3C /* ContactsRow.swift */; };
		8680813B29F041AC001DCD5E /* FontSize.swift in Sources */ = {isa = PBXBuildFile; fileRef = 8680813A29F041AC001DCD5E /* FontSize.swift */; };
		8680813D29F073BB001DCD5E /* SelectedGroupRestaurantDetailView.swift in Sources */ = {isa = PBXBuildFile; fileRef = 8680813C29F073BB001DCD5E /* SelectedGroupRestaurantDetailView.swift */; };
		8680813F29F08147001DCD5E /* AllHostAttendBarView.swift in Sources */ = {isa = PBXBuildFile; fileRef = 8680813E29F08147001DCD5E /* AllHostAttendBarView.swift */; };
		8680819629F1ECA0001DCD5E /* style.json in Resources */ = {isa = PBXBuildFile; fileRef = 8680819529F1ECA0001DCD5E /* style.json */; };
		8680819929F2ED6A001DCD5E /* CalendarView.swift in Sources */ = {isa = PBXBuildFile; fileRef = 8680819829F2ED69001DCD5E /* CalendarView.swift */; };
		8680819B29F3395D001DCD5E /* CalendarEventStore.swift in Sources */ = {isa = PBXBuildFile; fileRef = 8680819A29F3395D001DCD5E /* CalendarEventStore.swift */; };
		8680819D29F33B38001DCD5E /* CalendarEvent.swift in Sources */ = {isa = PBXBuildFile; fileRef = 8680819C29F33B38001DCD5E /* CalendarEvent.swift */; };
		86909D902A5CA83B0029BF8B /* BusinessBooking.swift in Sources */ = {isa = PBXBuildFile; fileRef = 86909D8F2A5CA83B0029BF8B /* BusinessBooking.swift */; };
		86909D922A5DE2300029BF8B /* BusinessBookingView.swift in Sources */ = {isa = PBXBuildFile; fileRef = 86909D912A5DE2300029BF8B /* BusinessBookingView.swift */; };
		86A25720296DEC8F00CFDFAB /* WelcomeView.swift in Sources */ = {isa = PBXBuildFile; fileRef = 86A2571F296DEC8F00CFDFAB /* WelcomeView.swift */; };
		86A25722296DECA900CFDFAB /* PhoneNumberView.swift in Sources */ = {isa = PBXBuildFile; fileRef = 86A25721296DECA900CFDFAB /* PhoneNumberView.swift */; };
		86A25724296DECB700CFDFAB /* PhoneVerficationView.swift in Sources */ = {isa = PBXBuildFile; fileRef = 86A25723296DECB700CFDFAB /* PhoneVerficationView.swift */; };
		86A25726296DECD500CFDFAB /* GeoLocationPermission.swift in Sources */ = {isa = PBXBuildFile; fileRef = 86A25725296DECD500CFDFAB /* GeoLocationPermission.swift */; };
		86A25728296DF1B900CFDFAB /* CreateProfileView.swift in Sources */ = {isa = PBXBuildFile; fileRef = 86A25727296DF1B900CFDFAB /* CreateProfileView.swift */; };
		86A2572A296DF1D500CFDFAB /* ContactsView.swift in Sources */ = {isa = PBXBuildFile; fileRef = 86A25729296DF1D500CFDFAB /* ContactsView.swift */; };
		86A2572C296FACA300CFDFAB /* OnboardingTextFields.swift in Sources */ = {isa = PBXBuildFile; fileRef = 86A2572B296FACA300CFDFAB /* OnboardingTextFields.swift */; };
		86A80AD4297086BD001B8941 /* ContactsModel.swift in Sources */ = {isa = PBXBuildFile; fileRef = 86A80AD3297086BD001B8941 /* ContactsModel.swift */; };
		86A80AD629708C9A001B8941 /* User.swift in Sources */ = {isa = PBXBuildFile; fileRef = 86A80AD529708C9A001B8941 /* User.swift */; };
		86A80AD829709FB8001B8941 /* PhoneTextHelper.swift in Sources */ = {isa = PBXBuildFile; fileRef = 86A80AD729709FB7001B8941 /* PhoneTextHelper.swift */; };
		86A80ADA2970B731001B8941 /* ImagePicker.swift in Sources */ = {isa = PBXBuildFile; fileRef = 86A80AD92970B731001B8941 /* ImagePicker.swift */; };
		86A8AB2429EB1E1A00F991B3 /* FoodCategoriesData.swift in Sources */ = {isa = PBXBuildFile; fileRef = 86A8AB2329EB1E1A00F991B3 /* FoodCategoriesData.swift */; };
		86A8AB2629EB4DF500F991B3 /* UserLocationServices.swift in Sources */ = {isa = PBXBuildFile; fileRef = 86A8AB2529EB4DF500F991B3 /* UserLocationServices.swift */; };
		86A8AB2829EB6DA400F991B3 /* SearchBar.swift in Sources */ = {isa = PBXBuildFile; fileRef = 86A8AB2729EB6DA400F991B3 /* SearchBar.swift */; };
		86A8AB2A29EC51C300F991B3 /* BusinessDetailCard.swift in Sources */ = {isa = PBXBuildFile; fileRef = 86A8AB2929EC51C200F991B3 /* BusinessDetailCard.swift */; };
		86A8AB5029ED929A00F991B3 /* AttributeData.swift in Sources */ = {isa = PBXBuildFile; fileRef = 86A8AB4F29ED929A00F991B3 /* AttributeData.swift */; };
		86A8AB5229ED9D4A00F991B3 /* SortData.swift in Sources */ = {isa = PBXBuildFile; fileRef = 86A8AB5129ED9D4A00F991B3 /* SortData.swift */; };
		86A8AB5829EDEE0F00F991B3 /* CategoryTag.swift in Sources */ = {isa = PBXBuildFile; fileRef = 86A8AB5729EDEE0F00F991B3 /* CategoryTag.swift */; };
		86A8AB5A29EDEE3500F991B3 /* SortTag.swift in Sources */ = {isa = PBXBuildFile; fileRef = 86A8AB5929EDEE3500F991B3 /* SortTag.swift */; };
		86A8AB5C29EDEE5E00F991B3 /* CategoryButton.swift in Sources */ = {isa = PBXBuildFile; fileRef = 86A8AB5B29EDEE5E00F991B3 /* CategoryButton.swift */; };
		86A8AB6029EF54DF00F991B3 /* FilterAndSortView.swift in Sources */ = {isa = PBXBuildFile; fileRef = 86A8AB5F29EF54DF00F991B3 /* FilterAndSortView.swift */; };
		86A8AB6229EF574F00F991B3 /* FilterAndSortButton.swift in Sources */ = {isa = PBXBuildFile; fileRef = 86A8AB6129EF574F00F991B3 /* FilterAndSortButton.swift */; };
		86ABBF9E29B50128009FFB9F /* AddingToMyGroupsListView.swift in Sources */ = {isa = PBXBuildFile; fileRef = 86ABBF9D29B50128009FFB9F /* AddingToMyGroupsListView.swift */; };
		86E4BCA92965248900244E88 /* IdEatThereApp.swift in Sources */ = {isa = PBXBuildFile; fileRef = 86E4BCA82965248900244E88 /* IdEatThereApp.swift */; };
		86E4BCB02965248C00244E88 /* Preview Assets.xcassets in Resources */ = {isa = PBXBuildFile; fileRef = 86E4BCAF2965248C00244E88 /* Preview Assets.xcassets */; };
		86E4BCB72965256100244E88 /* GoogleService-Info.plist in Resources */ = {isa = PBXBuildFile; fileRef = 86E4BCB62965256100244E88 /* GoogleService-Info.plist */; };
		86E4BCD12965261000244E88 /* HomeView.swift in Sources */ = {isa = PBXBuildFile; fileRef = 86E4BCBA2965261000244E88 /* HomeView.swift */; };
		86E4BCD22965261000244E88 /* BusinessMap.swift in Sources */ = {isa = PBXBuildFile; fileRef = 86E4BCBC2965261000244E88 /* BusinessMap.swift */; };
		86E4BCD32965261000244E88 /* DirectionsMap.swift in Sources */ = {isa = PBXBuildFile; fileRef = 86E4BCBD2965261000244E88 /* DirectionsMap.swift */; };
		86E4BCD42965261000244E88 /* BusinessList.swift in Sources */ = {isa = PBXBuildFile; fileRef = 86E4BCBF2965261000244E88 /* BusinessList.swift */; };
		86E4BCD52965261000244E88 /* BusinessRow.swift in Sources */ = {isa = PBXBuildFile; fileRef = 86E4BCC02965261000244E88 /* BusinessRow.swift */; };
		86E4BCD62965261000244E88 /* BusinessSection.swift in Sources */ = {isa = PBXBuildFile; fileRef = 86E4BCC12965261000244E88 /* BusinessSection.swift */; };
		86E4BCD72965261000244E88 /* BusinessTitle.swift in Sources */ = {isa = PBXBuildFile; fileRef = 86E4BCC32965261000244E88 /* BusinessTitle.swift */; };
		86E4BCD82965261000244E88 /* BusinessDetail.swift in Sources */ = {isa = PBXBuildFile; fileRef = 86E4BCC42965261000244E88 /* BusinessDetail.swift */; };
		86E4BCD92965261000244E88 /* DirectionsView.swift in Sources */ = {isa = PBXBuildFile; fileRef = 86E4BCC52965261000244E88 /* DirectionsView.swift */; };
		86E4BCDA2965261000244E88 /* BusinessSectionHeader.swift in Sources */ = {isa = PBXBuildFile; fileRef = 86E4BCC62965261000244E88 /* BusinessSectionHeader.swift */; };
		86E4BCDB2965261000244E88 /* LocationDeniedView.swift in Sources */ = {isa = PBXBuildFile; fileRef = 86E4BCC82965261000244E88 /* LocationDeniedView.swift */; };
		86E4BCDC2965261000244E88 /* DashedDivider.swift in Sources */ = {isa = PBXBuildFile; fileRef = 86E4BCCA2965261000244E88 /* DashedDivider.swift */; };
		86E4BCDD2965261000244E88 /* YelpAttribution.swift in Sources */ = {isa = PBXBuildFile; fileRef = 86E4BCCB2965261000244E88 /* YelpAttribution.swift */; };
		86E4BCDE2965261000244E88 /* LaunchView.swift in Sources */ = {isa = PBXBuildFile; fileRef = 86E4BCCC2965261000244E88 /* LaunchView.swift */; };
		86E4BCDF2965261000244E88 /* CreateUserForm.swift in Sources */ = {isa = PBXBuildFile; fileRef = 86E4BCCE2965261000244E88 /* CreateUserForm.swift */; };
		86E4BCE02965261000244E88 /* OnboardingView.swift in Sources */ = {isa = PBXBuildFile; fileRef = 86E4BCCF2965261000244E88 /* OnboardingView.swift */; };
		86E4BCE12965261000244E88 /* LoginForm.swift in Sources */ = {isa = PBXBuildFile; fileRef = 86E4BCD02965261000244E88 /* LoginForm.swift */; };
		86E4BCE52965262300244E88 /* UserManager.swift in Sources */ = {isa = PBXBuildFile; fileRef = 86E4BCE32965262300244E88 /* UserManager.swift */; };
		86E4BCE62965262300244E88 /* ContentModel.swift in Sources */ = {isa = PBXBuildFile; fileRef = 86E4BCE42965262300244E88 /* ContentModel.swift */; };
		86E4BCEA2965263000244E88 /* Business.swift in Sources */ = {isa = PBXBuildFile; fileRef = 86E4BCE82965263000244E88 /* Business.swift */; };
		86E4BCEB2965263000244E88 /* Business Search.swift in Sources */ = {isa = PBXBuildFile; fileRef = 86E4BCE92965263000244E88 /* Business Search.swift */; };
		86E4BCED2965264D00244E88 /* Constants.swift in Sources */ = {isa = PBXBuildFile; fileRef = 86E4BCEC2965264D00244E88 /* Constants.swift */; };
		86E4BCEF2965265B00244E88 /* Assets.xcassets in Resources */ = {isa = PBXBuildFile; fileRef = 86E4BCEE2965265A00244E88 /* Assets.xcassets */; };
/* End PBXBuildFile section */

/* Begin PBXFileReference section */
		422838B4F703525B278161DB /* Pods-IdEatThere.debug.xcconfig */ = {isa = PBXFileReference; includeInIndex = 1; lastKnownFileType = text.xcconfig; name = "Pods-IdEatThere.debug.xcconfig"; path = "Target Support Files/Pods-IdEatThere/Pods-IdEatThere.debug.xcconfig"; sourceTree = "<group>"; };
		8603C24429653488006C1A58 /* MapView.swift */ = {isa = PBXFileReference; lastKnownFileType = sourcecode.swift; path = MapView.swift; sourceTree = "<group>"; };
		8603C246296534CB006C1A58 /* MyGroupsView.swift */ = {isa = PBXFileReference; lastKnownFileType = sourcecode.swift; path = MyGroupsView.swift; sourceTree = "<group>"; };
		8603C249296534DE006C1A58 /* MyProfileView.swift */ = {isa = PBXFileReference; lastKnownFileType = sourcecode.swift; path = MyProfileView.swift; sourceTree = "<group>"; };
		8603C24C29653EA4006C1A58 /* EditUserProfile.swift */ = {isa = PBXFileReference; fileEncoding = 4; lastKnownFileType = sourcecode.swift; path = EditUserProfile.swift; sourceTree = "<group>"; };
		8603C24E29653EA9006C1A58 /* EditUserProfileButton.swift */ = {isa = PBXFileReference; fileEncoding = 4; lastKnownFileType = sourcecode.swift; path = EditUserProfileButton.swift; sourceTree = "<group>"; };
		8603C25029653EEC006C1A58 /* LogoutForm.swift */ = {isa = PBXFileReference; fileEncoding = 4; lastKnownFileType = sourcecode.swift; path = LogoutForm.swift; sourceTree = "<group>"; };
		8627F9E929672EBF00382DA8 /* AttributeTag.swift */ = {isa = PBXFileReference; fileEncoding = 4; lastKnownFileType = sourcecode.swift; path = AttributeTag.swift; sourceTree = "<group>"; };
		8627F9F029674F6D00382DA8 /* Color.swift */ = {isa = PBXFileReference; lastKnownFileType = sourcecode.swift; path = Color.swift; sourceTree = "<group>"; };
		8627F9F329676C5900382DA8 /* CircleButton.swift */ = {isa = PBXFileReference; lastKnownFileType = sourcecode.swift; path = CircleButton.swift; sourceTree = "<group>"; };
		8627F9FA2967769800382DA8 /* ChevronDownButton.swift */ = {isa = PBXFileReference; lastKnownFileType = sourcecode.swift; path = ChevronDownButton.swift; sourceTree = "<group>"; };
		8627F9FC2967811000382DA8 /* CircleButtonAnimation.swift */ = {isa = PBXFileReference; lastKnownFileType = sourcecode.swift; path = CircleButtonAnimation.swift; sourceTree = "<group>"; };
		8627F9FE2967F17200382DA8 /* UIApplication.swift */ = {isa = PBXFileReference; lastKnownFileType = sourcecode.swift; path = UIApplication.swift; sourceTree = "<group>"; };
		8627FA012967F63800382DA8 /* RestaurantsDataServices.swift */ = {isa = PBXFileReference; lastKnownFileType = sourcecode.swift; path = RestaurantsDataServices.swift; sourceTree = "<group>"; };
		8627FA0329687D3A00382DA8 /* XMarkButton.swift */ = {isa = PBXFileReference; lastKnownFileType = sourcecode.swift; path = XMarkButton.swift; sourceTree = "<group>"; };
		862C8B5B29A6B53F00768DDE /* LaunchViewModel.swift */ = {isa = PBXFileReference; lastKnownFileType = sourcecode.swift; path = LaunchViewModel.swift; sourceTree = "<group>"; };
		862C8B6329A7CC5300768DDE /* SplashScreen.swift */ = {isa = PBXFileReference; lastKnownFileType = sourcecode.swift; path = SplashScreen.swift; sourceTree = "<group>"; };
		862C8B6529A7CEC900768DDE /* SplashScreenButton.swift */ = {isa = PBXFileReference; lastKnownFileType = sourcecode.swift; path = SplashScreenButton.swift; sourceTree = "<group>"; };
		862C8B6729A7D46E00768DDE /* AddingToMyGroupsView.swift */ = {isa = PBXFileReference; lastKnownFileType = sourcecode.swift; path = AddingToMyGroupsView.swift; sourceTree = "<group>"; };
		862C8B6929A7F4F500768DDE /* GroupTest.swift */ = {isa = PBXFileReference; lastKnownFileType = sourcecode.swift; path = GroupTest.swift; sourceTree = "<group>"; };
		862C8B6B29A852A100768DDE /* UserHostDetailsViewModel.swift */ = {isa = PBXFileReference; lastKnownFileType = sourcecode.swift; path = UserHostDetailsViewModel.swift; sourceTree = "<group>"; };
		862C8B6D29A90FB400768DDE /* SelectContactsView.swift */ = {isa = PBXFileReference; lastKnownFileType = sourcecode.swift; path = SelectContactsView.swift; sourceTree = "<group>"; };
		862C8B6F29A9299900768DDE /* CreateGroupButton.swift */ = {isa = PBXFileReference; lastKnownFileType = sourcecode.swift; path = CreateGroupButton.swift; sourceTree = "<group>"; };
		86358C5E2A07FE3C00693245 /* DateExtension.swift */ = {isa = PBXFileReference; lastKnownFileType = sourcecode.swift; path = DateExtension.swift; sourceTree = "<group>"; };
		86358C602A080E7300693245 /* Calendar.swift */ = {isa = PBXFileReference; lastKnownFileType = sourcecode.swift; path = Calendar.swift; sourceTree = "<group>"; };
		86358C662A0853D300693245 /* CalendarEventSheetView.swift */ = {isa = PBXFileReference; lastKnownFileType = sourcecode.swift; path = CalendarEventSheetView.swift; sourceTree = "<group>"; };
		86358C682A0856AE00693245 /* CalendarEventListRowView.swift */ = {isa = PBXFileReference; lastKnownFileType = sourcecode.swift; path = CalendarEventListRowView.swift; sourceTree = "<group>"; };
		86358C6A2A0869AA00693245 /* HostGroupView.swift */ = {isa = PBXFileReference; lastKnownFileType = sourcecode.swift; path = HostGroupView.swift; sourceTree = "<group>"; };
		86358C6C2A0869C100693245 /* AttendeeGroupView.swift */ = {isa = PBXFileReference; lastKnownFileType = sourcecode.swift; path = AttendeeGroupView.swift; sourceTree = "<group>"; };
		86358C6E2A09743500693245 /* ProfileSettingsButton.swift */ = {isa = PBXFileReference; lastKnownFileType = sourcecode.swift; path = ProfileSettingsButton.swift; sourceTree = "<group>"; };
		86358C702A12C03000693245 /* ViewModifiers.swift */ = {isa = PBXFileReference; lastKnownFileType = sourcecode.swift; path = ViewModifiers.swift; sourceTree = "<group>"; };
		8643085C2A07658000A8ABFB /* ProfileButton.swift */ = {isa = PBXFileReference; lastKnownFileType = sourcecode.swift; path = ProfileButton.swift; sourceTree = "<group>"; };
		8643AB41296B7DFE0069D5F5 /* CallButton.swift */ = {isa = PBXFileReference; lastKnownFileType = sourcecode.swift; path = CallButton.swift; sourceTree = "<group>"; };
		8643AB43296B7F1F0069D5F5 /* ReviewsLinkButton.swift */ = {isa = PBXFileReference; lastKnownFileType = sourcecode.swift; path = ReviewsLinkButton.swift; sourceTree = "<group>"; };
		8643AB45296B7FAA0069D5F5 /* MapLinkButton.swift */ = {isa = PBXFileReference; lastKnownFileType = sourcecode.swift; path = MapLinkButton.swift; sourceTree = "<group>"; };
		8643AB47296B83CC0069D5F5 /* AddToMyGroupButton.swift */ = {isa = PBXFileReference; lastKnownFileType = sourcecode.swift; path = AddToMyGroupButton.swift; sourceTree = "<group>"; };
		8643AB4C296C44EB0069D5F5 /* CustomTabBar.swift */ = {isa = PBXFileReference; lastKnownFileType = sourcecode.swift; path = CustomTabBar.swift; sourceTree = "<group>"; };
		8643AB4E296C499C0069D5F5 /* AppDelegate.swift */ = {isa = PBXFileReference; lastKnownFileType = sourcecode.swift; path = AppDelegate.swift; sourceTree = "<group>"; };
		8643AB6B296C787F0069D5F5 /* Info.plist */ = {isa = PBXFileReference; lastKnownFileType = text.plist; path = Info.plist; sourceTree = "<group>"; };
		8643AB6C296C792C0069D5F5 /* Fonts.swift */ = {isa = PBXFileReference; lastKnownFileType = sourcecode.swift; path = Fonts.swift; sourceTree = "<group>"; };
		8643AB86296C7EB00069D5F5 /* NotoSerifToto-VariableFont_wght.ttf */ = {isa = PBXFileReference; lastKnownFileType = file; path = "NotoSerifToto-VariableFont_wght.ttf"; sourceTree = "<group>"; };
		8643AB88296C87EA0069D5F5 /* NoGroupsYet.swift */ = {isa = PBXFileReference; lastKnownFileType = sourcecode.swift; path = NoGroupsYet.swift; sourceTree = "<group>"; };
		8643AB8A296C905E0069D5F5 /* HostButton.swift */ = {isa = PBXFileReference; lastKnownFileType = sourcecode.swift; path = HostButton.swift; sourceTree = "<group>"; };
		8643AB8C296C94AF0069D5F5 /* CreateGroupsView.swift */ = {isa = PBXFileReference; lastKnownFileType = sourcecode.swift; path = CreateGroupsView.swift; sourceTree = "<group>"; };
		8643AB8E296CC3190069D5F5 /* MyGroupsModel.swift */ = {isa = PBXFileReference; lastKnownFileType = sourcecode.swift; path = MyGroupsModel.swift; sourceTree = "<group>"; };
		8643AB90296CC4050069D5F5 /* GroupsDataService.swift */ = {isa = PBXFileReference; lastKnownFileType = sourcecode.swift; path = GroupsDataService.swift; sourceTree = "<group>"; };
		864B2A6C299E971600D8AAF5 /* GridButton.swift */ = {isa = PBXFileReference; lastKnownFileType = sourcecode.swift; path = GridButton.swift; sourceTree = "<group>"; };
		864B2A6E299EA36400D8AAF5 /* TabBarButton.swift */ = {isa = PBXFileReference; lastKnownFileType = sourcecode.swift; path = TabBarButton.swift; sourceTree = "<group>"; };
		864B2A70299EAF9700D8AAF5 /* SelectedGroupView.swift */ = {isa = PBXFileReference; lastKnownFileType = sourcecode.swift; path = SelectedGroupView.swift; sourceTree = "<group>"; };
		864B2A72299EB07600D8AAF5 /* Groups.swift */ = {isa = PBXFileReference; lastKnownFileType = sourcecode.swift; path = Groups.swift; sourceTree = "<group>"; };
		86726A28299D6C6200ED4DB7 /* EmailView.swift */ = {isa = PBXFileReference; lastKnownFileType = sourcecode.swift; path = EmailView.swift; sourceTree = "<group>"; };
		867464CC297753C900358EEF /* ContactsListView.swift */ = {isa = PBXFileReference; lastKnownFileType = sourcecode.swift; path = ContactsListView.swift; sourceTree = "<group>"; };
		867464CE2977544400358EEF /* GroupsListView.swift */ = {isa = PBXFileReference; lastKnownFileType = sourcecode.swift; path = GroupsListView.swift; sourceTree = "<group>"; };
		867C99D7299996C700E57C3C /* HostSelectedContactsButton.swift */ = {isa = PBXFileReference; lastKnownFileType = sourcecode.swift; path = HostSelectedContactsButton.swift; sourceTree = "<group>"; };
		867C99DA2999AB0D00E57C3C /* ContactsRow.swift */ = {isa = PBXFileReference; lastKnownFileType = sourcecode.swift; path = ContactsRow.swift; sourceTree = "<group>"; };
		8680813A29F041AC001DCD5E /* FontSize.swift */ = {isa = PBXFileReference; lastKnownFileType = sourcecode.swift; path = FontSize.swift; sourceTree = "<group>"; };
		8680813C29F073BB001DCD5E /* SelectedGroupRestaurantDetailView.swift */ = {isa = PBXFileReference; lastKnownFileType = sourcecode.swift; path = SelectedGroupRestaurantDetailView.swift; sourceTree = "<group>"; };
		8680813E29F08147001DCD5E /* AllHostAttendBarView.swift */ = {isa = PBXFileReference; lastKnownFileType = sourcecode.swift; path = AllHostAttendBarView.swift; sourceTree = "<group>"; };
		8680819529F1ECA0001DCD5E /* style.json */ = {isa = PBXFileReference; fileEncoding = 4; lastKnownFileType = text.json; path = style.json; sourceTree = "<group>"; };
		8680819829F2ED69001DCD5E /* CalendarView.swift */ = {isa = PBXFileReference; lastKnownFileType = sourcecode.swift; path = CalendarView.swift; sourceTree = "<group>"; };
		8680819A29F3395D001DCD5E /* CalendarEventStore.swift */ = {isa = PBXFileReference; lastKnownFileType = sourcecode.swift; path = CalendarEventStore.swift; sourceTree = "<group>"; };
		8680819C29F33B38001DCD5E /* CalendarEvent.swift */ = {isa = PBXFileReference; lastKnownFileType = sourcecode.swift; path = CalendarEvent.swift; sourceTree = "<group>"; };
		86909D8F2A5CA83B0029BF8B /* BusinessBooking.swift */ = {isa = PBXFileReference; lastKnownFileType = sourcecode.swift; path = BusinessBooking.swift; sourceTree = "<group>"; };
		86909D912A5DE2300029BF8B /* BusinessBookingView.swift */ = {isa = PBXFileReference; lastKnownFileType = sourcecode.swift; path = BusinessBookingView.swift; sourceTree = "<group>"; };
		86A2571E296DCEC800CFDFAB /* IdEatThere.entitlements */ = {isa = PBXFileReference; lastKnownFileType = text.plist.entitlements; path = IdEatThere.entitlements; sourceTree = "<group>"; };
		86A2571F296DEC8F00CFDFAB /* WelcomeView.swift */ = {isa = PBXFileReference; lastKnownFileType = sourcecode.swift; path = WelcomeView.swift; sourceTree = "<group>"; };
		86A25721296DECA900CFDFAB /* PhoneNumberView.swift */ = {isa = PBXFileReference; lastKnownFileType = sourcecode.swift; path = PhoneNumberView.swift; sourceTree = "<group>"; };
		86A25723296DECB700CFDFAB /* PhoneVerficationView.swift */ = {isa = PBXFileReference; lastKnownFileType = sourcecode.swift; path = PhoneVerficationView.swift; sourceTree = "<group>"; };
		86A25725296DECD500CFDFAB /* GeoLocationPermission.swift */ = {isa = PBXFileReference; lastKnownFileType = sourcecode.swift; path = GeoLocationPermission.swift; sourceTree = "<group>"; };
		86A25727296DF1B900CFDFAB /* CreateProfileView.swift */ = {isa = PBXFileReference; lastKnownFileType = sourcecode.swift; path = CreateProfileView.swift; sourceTree = "<group>"; };
		86A25729296DF1D500CFDFAB /* ContactsView.swift */ = {isa = PBXFileReference; lastKnownFileType = sourcecode.swift; path = ContactsView.swift; sourceTree = "<group>"; };
		86A2572B296FACA300CFDFAB /* OnboardingTextFields.swift */ = {isa = PBXFileReference; lastKnownFileType = sourcecode.swift; path = OnboardingTextFields.swift; sourceTree = "<group>"; };
		86A80AD3297086BD001B8941 /* ContactsModel.swift */ = {isa = PBXFileReference; lastKnownFileType = sourcecode.swift; path = ContactsModel.swift; sourceTree = "<group>"; };
		86A80AD529708C9A001B8941 /* User.swift */ = {isa = PBXFileReference; lastKnownFileType = sourcecode.swift; path = User.swift; sourceTree = "<group>"; };
		86A80AD729709FB7001B8941 /* PhoneTextHelper.swift */ = {isa = PBXFileReference; lastKnownFileType = sourcecode.swift; path = PhoneTextHelper.swift; sourceTree = "<group>"; };
		86A80AD92970B731001B8941 /* ImagePicker.swift */ = {isa = PBXFileReference; lastKnownFileType = sourcecode.swift; path = ImagePicker.swift; sourceTree = "<group>"; };
		86A8AB2329EB1E1A00F991B3 /* FoodCategoriesData.swift */ = {isa = PBXFileReference; lastKnownFileType = sourcecode.swift; path = FoodCategoriesData.swift; sourceTree = "<group>"; };
		86A8AB2529EB4DF500F991B3 /* UserLocationServices.swift */ = {isa = PBXFileReference; lastKnownFileType = sourcecode.swift; path = UserLocationServices.swift; sourceTree = "<group>"; };
		86A8AB2729EB6DA400F991B3 /* SearchBar.swift */ = {isa = PBXFileReference; lastKnownFileType = sourcecode.swift; path = SearchBar.swift; sourceTree = "<group>"; };
		86A8AB2929EC51C200F991B3 /* BusinessDetailCard.swift */ = {isa = PBXFileReference; lastKnownFileType = sourcecode.swift; path = BusinessDetailCard.swift; sourceTree = "<group>"; };
		86A8AB3B29ECC8FB00F991B3 /* FirebaseAppCheckInterop.framework */ = {isa = PBXFileReference; explicitFileType = wrapper.framework; path = FirebaseAppCheckInterop.framework; sourceTree = BUILT_PRODUCTS_DIR; };
		86A8AB3D29ECC8FB00F991B3 /* FirebaseAuth.framework */ = {isa = PBXFileReference; explicitFileType = wrapper.framework; path = FirebaseAuth.framework; sourceTree = BUILT_PRODUCTS_DIR; };
		86A8AB3F29ECC8FB00F991B3 /* FirebaseAuthInterop.framework */ = {isa = PBXFileReference; explicitFileType = wrapper.framework; path = FirebaseAuthInterop.framework; sourceTree = BUILT_PRODUCTS_DIR; };
		86A8AB4129ECC8FB00F991B3 /* FirebaseCore.framework */ = {isa = PBXFileReference; explicitFileType = wrapper.framework; path = FirebaseCore.framework; sourceTree = BUILT_PRODUCTS_DIR; };
		86A8AB4329ECC8FB00F991B3 /* FirebaseCoreExtension.framework */ = {isa = PBXFileReference; explicitFileType = wrapper.framework; path = FirebaseCoreExtension.framework; sourceTree = BUILT_PRODUCTS_DIR; };
		86A8AB4529ECC8FB00F991B3 /* FirebaseCoreInternal.framework */ = {isa = PBXFileReference; explicitFileType = wrapper.framework; path = FirebaseCoreInternal.framework; sourceTree = BUILT_PRODUCTS_DIR; };
		86A8AB4729ECC8FB00F991B3 /* FirebaseFirestore.framework */ = {isa = PBXFileReference; explicitFileType = wrapper.framework; path = FirebaseFirestore.framework; sourceTree = BUILT_PRODUCTS_DIR; };
		86A8AB4929ECC8FB00F991B3 /* FirebaseFirestoreSwift.framework */ = {isa = PBXFileReference; explicitFileType = wrapper.framework; path = FirebaseFirestoreSwift.framework; sourceTree = BUILT_PRODUCTS_DIR; };
		86A8AB4B29ECC8FB00F991B3 /* FirebaseSharedSwift.framework */ = {isa = PBXFileReference; explicitFileType = wrapper.framework; path = FirebaseSharedSwift.framework; sourceTree = BUILT_PRODUCTS_DIR; };
		86A8AB4D29ECC8FB00F991B3 /* FirebaseStorage.framework */ = {isa = PBXFileReference; explicitFileType = wrapper.framework; path = FirebaseStorage.framework; sourceTree = BUILT_PRODUCTS_DIR; };
		86A8AB4F29ED929A00F991B3 /* AttributeData.swift */ = {isa = PBXFileReference; lastKnownFileType = sourcecode.swift; path = AttributeData.swift; sourceTree = "<group>"; };
		86A8AB5129ED9D4A00F991B3 /* SortData.swift */ = {isa = PBXFileReference; lastKnownFileType = sourcecode.swift; path = SortData.swift; sourceTree = "<group>"; };
		86A8AB5729EDEE0F00F991B3 /* CategoryTag.swift */ = {isa = PBXFileReference; lastKnownFileType = sourcecode.swift; path = CategoryTag.swift; sourceTree = "<group>"; };
		86A8AB5929EDEE3500F991B3 /* SortTag.swift */ = {isa = PBXFileReference; lastKnownFileType = sourcecode.swift; path = SortTag.swift; sourceTree = "<group>"; };
		86A8AB5B29EDEE5E00F991B3 /* CategoryButton.swift */ = {isa = PBXFileReference; lastKnownFileType = sourcecode.swift; path = CategoryButton.swift; sourceTree = "<group>"; };
		86A8AB5F29EF54DF00F991B3 /* FilterAndSortView.swift */ = {isa = PBXFileReference; lastKnownFileType = sourcecode.swift; path = FilterAndSortView.swift; sourceTree = "<group>"; };
		86A8AB6129EF574F00F991B3 /* FilterAndSortButton.swift */ = {isa = PBXFileReference; lastKnownFileType = sourcecode.swift; path = FilterAndSortButton.swift; sourceTree = "<group>"; };
		86ABBF9D29B50128009FFB9F /* AddingToMyGroupsListView.swift */ = {isa = PBXFileReference; lastKnownFileType = sourcecode.swift; path = AddingToMyGroupsListView.swift; sourceTree = "<group>"; };
		86E4BCA52965248900244E88 /* IdEatThere.app */ = {isa = PBXFileReference; explicitFileType = wrapper.application; includeInIndex = 0; path = IdEatThere.app; sourceTree = BUILT_PRODUCTS_DIR; };
		86E4BCA82965248900244E88 /* IdEatThereApp.swift */ = {isa = PBXFileReference; lastKnownFileType = sourcecode.swift; path = IdEatThereApp.swift; sourceTree = "<group>"; };
		86E4BCAF2965248C00244E88 /* Preview Assets.xcassets */ = {isa = PBXFileReference; lastKnownFileType = folder.assetcatalog; path = "Preview Assets.xcassets"; sourceTree = "<group>"; };
		86E4BCB62965256100244E88 /* GoogleService-Info.plist */ = {isa = PBXFileReference; fileEncoding = 4; lastKnownFileType = text.plist.xml; path = "GoogleService-Info.plist"; sourceTree = "<group>"; };
		86E4BCBA2965261000244E88 /* HomeView.swift */ = {isa = PBXFileReference; fileEncoding = 4; lastKnownFileType = sourcecode.swift; path = HomeView.swift; sourceTree = "<group>"; };
		86E4BCBC2965261000244E88 /* BusinessMap.swift */ = {isa = PBXFileReference; fileEncoding = 4; lastKnownFileType = sourcecode.swift; path = BusinessMap.swift; sourceTree = "<group>"; };
		86E4BCBD2965261000244E88 /* DirectionsMap.swift */ = {isa = PBXFileReference; fileEncoding = 4; lastKnownFileType = sourcecode.swift; path = DirectionsMap.swift; sourceTree = "<group>"; };
		86E4BCBF2965261000244E88 /* BusinessList.swift */ = {isa = PBXFileReference; fileEncoding = 4; lastKnownFileType = sourcecode.swift; path = BusinessList.swift; sourceTree = "<group>"; };
		86E4BCC02965261000244E88 /* BusinessRow.swift */ = {isa = PBXFileReference; fileEncoding = 4; lastKnownFileType = sourcecode.swift; path = BusinessRow.swift; sourceTree = "<group>"; };
		86E4BCC12965261000244E88 /* BusinessSection.swift */ = {isa = PBXFileReference; fileEncoding = 4; lastKnownFileType = sourcecode.swift; path = BusinessSection.swift; sourceTree = "<group>"; };
		86E4BCC32965261000244E88 /* BusinessTitle.swift */ = {isa = PBXFileReference; fileEncoding = 4; lastKnownFileType = sourcecode.swift; path = BusinessTitle.swift; sourceTree = "<group>"; };
		86E4BCC42965261000244E88 /* BusinessDetail.swift */ = {isa = PBXFileReference; fileEncoding = 4; lastKnownFileType = sourcecode.swift; path = BusinessDetail.swift; sourceTree = "<group>"; };
		86E4BCC52965261000244E88 /* DirectionsView.swift */ = {isa = PBXFileReference; fileEncoding = 4; lastKnownFileType = sourcecode.swift; path = DirectionsView.swift; sourceTree = "<group>"; };
		86E4BCC62965261000244E88 /* BusinessSectionHeader.swift */ = {isa = PBXFileReference; fileEncoding = 4; lastKnownFileType = sourcecode.swift; path = BusinessSectionHeader.swift; sourceTree = "<group>"; };
		86E4BCC82965261000244E88 /* LocationDeniedView.swift */ = {isa = PBXFileReference; fileEncoding = 4; lastKnownFileType = sourcecode.swift; path = LocationDeniedView.swift; sourceTree = "<group>"; };
		86E4BCCA2965261000244E88 /* DashedDivider.swift */ = {isa = PBXFileReference; fileEncoding = 4; lastKnownFileType = sourcecode.swift; path = DashedDivider.swift; sourceTree = "<group>"; };
		86E4BCCB2965261000244E88 /* YelpAttribution.swift */ = {isa = PBXFileReference; fileEncoding = 4; lastKnownFileType = sourcecode.swift; path = YelpAttribution.swift; sourceTree = "<group>"; };
		86E4BCCC2965261000244E88 /* LaunchView.swift */ = {isa = PBXFileReference; fileEncoding = 4; lastKnownFileType = sourcecode.swift; path = LaunchView.swift; sourceTree = "<group>"; };
		86E4BCCE2965261000244E88 /* CreateUserForm.swift */ = {isa = PBXFileReference; fileEncoding = 4; lastKnownFileType = sourcecode.swift; path = CreateUserForm.swift; sourceTree = "<group>"; };
		86E4BCCF2965261000244E88 /* OnboardingView.swift */ = {isa = PBXFileReference; fileEncoding = 4; lastKnownFileType = sourcecode.swift; path = OnboardingView.swift; sourceTree = "<group>"; };
		86E4BCD02965261000244E88 /* LoginForm.swift */ = {isa = PBXFileReference; fileEncoding = 4; lastKnownFileType = sourcecode.swift; path = LoginForm.swift; sourceTree = "<group>"; };
		86E4BCE32965262300244E88 /* UserManager.swift */ = {isa = PBXFileReference; fileEncoding = 4; lastKnownFileType = sourcecode.swift; path = UserManager.swift; sourceTree = "<group>"; };
		86E4BCE42965262300244E88 /* ContentModel.swift */ = {isa = PBXFileReference; fileEncoding = 4; lastKnownFileType = sourcecode.swift; path = ContentModel.swift; sourceTree = "<group>"; };
		86E4BCE82965263000244E88 /* Business.swift */ = {isa = PBXFileReference; fileEncoding = 4; lastKnownFileType = sourcecode.swift; path = Business.swift; sourceTree = "<group>"; };
		86E4BCE92965263000244E88 /* Business Search.swift */ = {isa = PBXFileReference; fileEncoding = 4; lastKnownFileType = sourcecode.swift; path = "Business Search.swift"; sourceTree = "<group>"; };
		86E4BCEC2965264D00244E88 /* Constants.swift */ = {isa = PBXFileReference; fileEncoding = 4; lastKnownFileType = sourcecode.swift; path = Constants.swift; sourceTree = "<group>"; };
		86E4BCEE2965265A00244E88 /* Assets.xcassets */ = {isa = PBXFileReference; lastKnownFileType = folder.assetcatalog; path = Assets.xcassets; sourceTree = "<group>"; };
		92EF205CBF9EB2037722FFD8 /* Pods_IdEatThere.framework */ = {isa = PBXFileReference; explicitFileType = wrapper.framework; includeInIndex = 0; path = Pods_IdEatThere.framework; sourceTree = BUILT_PRODUCTS_DIR; };
		D66B215D3126B07E0E42B1F9 /* Pods-IdEatThere.release.xcconfig */ = {isa = PBXFileReference; includeInIndex = 1; lastKnownFileType = text.xcconfig; name = "Pods-IdEatThere.release.xcconfig"; path = "Target Support Files/Pods-IdEatThere/Pods-IdEatThere.release.xcconfig"; sourceTree = "<group>"; };
/* End PBXFileReference section */

/* Begin PBXFrameworksBuildPhase section */
		86E4BCA22965248900244E88 /* Frameworks */ = {
			isa = PBXFrameworksBuildPhase;
			buildActionMask = 2147483647;
			files = (
				86726A27299D684D00ED4DB7 /* ActionButton in Frameworks */,
				3E958C5E2E691181F0D2CE46 /* Pods_IdEatThere.framework in Frameworks */,
			);
			runOnlyForDeploymentPostprocessing = 0;
		};
/* End PBXFrameworksBuildPhase section */

/* Begin PBXGroup section */
		41F995E4241551E045992235 /* Pods */ = {
			isa = PBXGroup;
			children = (
				422838B4F703525B278161DB /* Pods-IdEatThere.debug.xcconfig */,
				D66B215D3126B07E0E42B1F9 /* Pods-IdEatThere.release.xcconfig */,
			);
			path = Pods;
			sourceTree = "<group>";
		};
		8603C2432965346C006C1A58 /* Tabs */ = {
			isa = PBXGroup;
			children = (
				865AA12C2971D70300B37629 /* ListView */,
				8643AB49296B883A0069D5F5 /* MyGroupsView */,
				8643AB4A296B88460069D5F5 /* MapsView */,
				8643AB4B296B88500069D5F5 /* ProfileView */,
			);
			path = Tabs;
			sourceTree = "<group>";
		};
		8603C24B29653E91006C1A58 /* Profile Edit */ = {
			isa = PBXGroup;
			children = (
				8603C25029653EEC006C1A58 /* LogoutForm.swift */,
				8603C24C29653EA4006C1A58 /* EditUserProfile.swift */,
				8603C24E29653EA9006C1A58 /* EditUserProfileButton.swift */,
			);
			path = "Profile Edit";
			sourceTree = "<group>";
		};
		8627F9E829672EB700382DA8 /* RequestTags */ = {
			isa = PBXGroup;
			children = (
				86A8AB5729EDEE0F00F991B3 /* CategoryTag.swift */,
				8627F9E929672EBF00382DA8 /* AttributeTag.swift */,
				86A8AB5929EDEE3500F991B3 /* SortTag.swift */,
				86A8AB5B29EDEE5E00F991B3 /* CategoryButton.swift */,
				86A8AB2729EB6DA400F991B3 /* SearchBar.swift */,
				86A8AB5F29EF54DF00F991B3 /* FilterAndSortView.swift */,
				86A8AB6129EF574F00F991B3 /* FilterAndSortButton.swift */,
			);
			path = RequestTags;
			sourceTree = "<group>";
		};
		8627F9EF29674F6200382DA8 /* Extensions */ = {
			isa = PBXGroup;
			children = (
				86A80AD729709FB7001B8941 /* PhoneTextHelper.swift */,
				86358C5E2A07FE3C00693245 /* DateExtension.swift */,
				8643AB52296C78130069D5F5 /* Font */,
				8627F9F029674F6D00382DA8 /* Color.swift */,
				8627F9FE2967F17200382DA8 /* UIApplication.swift */,
			);
			path = Extensions;
			sourceTree = "<group>";
		};
		8627F9F229676C4A00382DA8 /* Common */ = {
			isa = PBXGroup;
			children = (
				8627F9F329676C5900382DA8 /* CircleButton.swift */,
				8627F9FA2967769800382DA8 /* ChevronDownButton.swift */,
				8627F9FC2967811000382DA8 /* CircleButtonAnimation.swift */,
				86E4BCCA2965261000244E88 /* DashedDivider.swift */,
				86A2572B296FACA300CFDFAB /* OnboardingTextFields.swift */,
				862C8B6529A7CEC900768DDE /* SplashScreenButton.swift */,
				8627FA0329687D3A00382DA8 /* XMarkButton.swift */,
				8643085C2A07658000A8ABFB /* ProfileButton.swift */,
				86358C6E2A09743500693245 /* ProfileSettingsButton.swift */,
				86358C702A12C03000693245 /* ViewModifiers.swift */,
			);
			path = Common;
			sourceTree = "<group>";
		};
		8627FA002967F62600382DA8 /* Services */ = {
			isa = PBXGroup;
			children = (
				8627FA012967F63800382DA8 /* RestaurantsDataServices.swift */,
				8643AB90296CC4050069D5F5 /* GroupsDataService.swift */,
				86A8AB2529EB4DF500F991B3 /* UserLocationServices.swift */,
			);
			path = Services;
			sourceTree = "<group>";
		};
		8643AB49296B883A0069D5F5 /* MyGroupsView */ = {
			isa = PBXGroup;
			children = (
				8603C246296534CB006C1A58 /* MyGroupsView.swift */,
				8680813E29F08147001DCD5E /* AllHostAttendBarView.swift */,
				867464CE2977544400358EEF /* GroupsListView.swift */,
				868081A229F6DAD6001DCD5E /* NoGroups */,
				868081A129F6DA89001DCD5E /* SelectedGroup */,
				868081A029F6DA35001DCD5E /* CreateGroup */,
				8680819F29F6D9FF001DCD5E /* AddToGroup */,
				8680819729F2ED55001DCD5E /* Calendar */,
				867C99D92999AAEB00E57C3C /* Contacts */,
			);
			path = MyGroupsView;
			sourceTree = "<group>";
		};
		8643AB4A296B88460069D5F5 /* MapsView */ = {
			isa = PBXGroup;
			children = (
				8603C24429653488006C1A58 /* MapView.swift */,
				86E4BCBC2965261000244E88 /* BusinessMap.swift */,
				86E4BCBD2965261000244E88 /* DirectionsMap.swift */,
			);
			path = MapsView;
			sourceTree = "<group>";
		};
		8643AB4B296B88500069D5F5 /* ProfileView */ = {
			isa = PBXGroup;
			children = (
				8603C249296534DE006C1A58 /* MyProfileView.swift */,
				8603C24B29653E91006C1A58 /* Profile Edit */,
			);
			path = ProfileView;
			sourceTree = "<group>";
		};
		8643AB52296C78130069D5F5 /* Font */ = {
			isa = PBXGroup;
			children = (
				8643AB6C296C792C0069D5F5 /* Fonts.swift */,
				8643AB86296C7EB00069D5F5 /* NotoSerifToto-VariableFont_wght.ttf */,
				8680813A29F041AC001DCD5E /* FontSize.swift */,
			);
			path = Font;
			sourceTree = "<group>";
		};
		865AA12C2971D70300B37629 /* ListView */ = {
			isa = PBXGroup;
			children = (
				86E4BCBF2965261000244E88 /* BusinessList.swift */,
				86E4BCC12965261000244E88 /* BusinessSection.swift */,
				86E4BCC02965261000244E88 /* BusinessRow.swift */,
				86E4BCC62965261000244E88 /* BusinessSectionHeader.swift */,
				86E4BCC22965261000244E88 /* Detail */,
				8627F9E829672EB700382DA8 /* RequestTags */,
			);
			path = ListView;
			sourceTree = "<group>";
		};
		867C99D92999AAEB00E57C3C /* Contacts */ = {
			isa = PBXGroup;
			children = (
				867464CC297753C900358EEF /* ContactsListView.swift */,
				867C99DA2999AB0D00E57C3C /* ContactsRow.swift */,
				862C8B6D29A90FB400768DDE /* SelectContactsView.swift */,
				867C99D7299996C700E57C3C /* HostSelectedContactsButton.swift */,
			);
			path = Contacts;
			sourceTree = "<group>";
		};
		8680819729F2ED55001DCD5E /* Calendar */ = {
			isa = PBXGroup;
			children = (
				8680819829F2ED69001DCD5E /* CalendarView.swift */,
				86358C662A0853D300693245 /* CalendarEventSheetView.swift */,
				86358C682A0856AE00693245 /* CalendarEventListRowView.swift */,
			);
			path = Calendar;
			sourceTree = "<group>";
		};
		8680819E29F6D9C8001DCD5E /* Yelp */ = {
			isa = PBXGroup;
			children = (
				86E4BCCB2965261000244E88 /* YelpAttribution.swift */,
				8643AB41296B7DFE0069D5F5 /* CallButton.swift */,
				8643AB43296B7F1F0069D5F5 /* ReviewsLinkButton.swift */,
				8643AB45296B7FAA0069D5F5 /* MapLinkButton.swift */,
			);
			path = Yelp;
			sourceTree = "<group>";
		};
		8680819F29F6D9FF001DCD5E /* AddToGroup */ = {
			isa = PBXGroup;
			children = (
				86ABBF9D29B50128009FFB9F /* AddingToMyGroupsListView.swift */,
				862C8B6729A7D46E00768DDE /* AddingToMyGroupsView.swift */,
				8643AB47296B83CC0069D5F5 /* AddToMyGroupButton.swift */,
			);
			path = AddToGroup;
			sourceTree = "<group>";
		};
		868081A029F6DA35001DCD5E /* CreateGroup */ = {
			isa = PBXGroup;
			children = (
				8643AB8C296C94AF0069D5F5 /* CreateGroupsView.swift */,
				862C8B6F29A9299900768DDE /* CreateGroupButton.swift */,
			);
			path = CreateGroup;
			sourceTree = "<group>";
		};
		868081A129F6DA89001DCD5E /* SelectedGroup */ = {
			isa = PBXGroup;
			children = (
				864B2A70299EAF9700D8AAF5 /* SelectedGroupView.swift */,
				86358C6A2A0869AA00693245 /* HostGroupView.swift */,
				86358C6C2A0869C100693245 /* AttendeeGroupView.swift */,
				8680813C29F073BB001DCD5E /* SelectedGroupRestaurantDetailView.swift */,
				864B2A6C299E971600D8AAF5 /* GridButton.swift */,
			);
			path = SelectedGroup;
			sourceTree = "<group>";
		};
		868081A229F6DAD6001DCD5E /* NoGroups */ = {
			isa = PBXGroup;
			children = (
				8643AB88296C87EA0069D5F5 /* NoGroupsYet.swift */,
				8643AB8A296C905E0069D5F5 /* HostButton.swift */,
			);
			path = NoGroups;
			sourceTree = "<group>";
		};
		86E4BC9C2965248900244E88 = {
			isa = PBXGroup;
			children = (
				86E4BCA72965248900244E88 /* IdEatThere */,
				86E4BCA62965248900244E88 /* Products */,
				41F995E4241551E045992235 /* Pods */,
				C5861D7D1D021CFD47CED381 /* Frameworks */,
			);
			sourceTree = "<group>";
		};
		86E4BCA62965248900244E88 /* Products */ = {
			isa = PBXGroup;
			children = (
				86E4BCA52965248900244E88 /* IdEatThere.app */,
			);
			name = Products;
			sourceTree = "<group>";
		};
		86E4BCA72965248900244E88 /* IdEatThere */ = {
			isa = PBXGroup;
			children = (
				86A2571E296DCEC800CFDFAB /* IdEatThere.entitlements */,
				8643AB6B296C787F0069D5F5 /* Info.plist */,
				8643AB4E296C499C0069D5F5 /* AppDelegate.swift */,
				86E4BCA82965248900244E88 /* IdEatThereApp.swift */,
				86E4BCB82965261000244E88 /* Views */,
				86E4BCE22965262300244E88 /* View Models */,
				86E4BCE72965263000244E88 /* Models */,
				8627FA002967F62600382DA8 /* Services */,
				86E4BCF02965266200244E88 /* Helpers */,
				86E4BCAE2965248C00244E88 /* Preview Content */,
			);
			path = IdEatThere;
			sourceTree = "<group>";
		};
		86E4BCAE2965248C00244E88 /* Preview Content */ = {
			isa = PBXGroup;
			children = (
				86E4BCAF2965248C00244E88 /* Preview Assets.xcassets */,
			);
			path = "Preview Content";
			sourceTree = "<group>";
		};
		86E4BCB82965261000244E88 /* Views */ = {
			isa = PBXGroup;
			children = (
				86E4BCCC2965261000244E88 /* LaunchView.swift */,
				862C8B6329A7CC5300768DDE /* SplashScreen.swift */,
				86E4BCD02965261000244E88 /* LoginForm.swift */,
				86E4BCB92965261000244E88 /* Home */,
				8603C2432965346C006C1A58 /* Tabs */,
				86E4BCC72965261000244E88 /* Denied */,
				86E4BCCD2965261000244E88 /* Onboarding */,
			);
			path = Views;
			sourceTree = "<group>";
		};
		86E4BCB92965261000244E88 /* Home */ = {
			isa = PBXGroup;
			children = (
				86E4BCBA2965261000244E88 /* HomeView.swift */,
				8643AB4C296C44EB0069D5F5 /* CustomTabBar.swift */,
				864B2A6E299EA36400D8AAF5 /* TabBarButton.swift */,
			);
			path = Home;
			sourceTree = "<group>";
		};
		86E4BCC22965261000244E88 /* Detail */ = {
			isa = PBXGroup;
			children = (
				86E4BCC32965261000244E88 /* BusinessTitle.swift */,
				86E4BCC42965261000244E88 /* BusinessDetail.swift */,
				86E4BCC52965261000244E88 /* DirectionsView.swift */,
				86A8AB2929EC51C200F991B3 /* BusinessDetailCard.swift */,
				86909D912A5DE2300029BF8B /* BusinessBookingView.swift */,
			);
			path = Detail;
			sourceTree = "<group>";
		};
		86E4BCC72965261000244E88 /* Denied */ = {
			isa = PBXGroup;
			children = (
				86E4BCC82965261000244E88 /* LocationDeniedView.swift */,
			);
			path = Denied;
			sourceTree = "<group>";
		};
		86E4BCCD2965261000244E88 /* Onboarding */ = {
			isa = PBXGroup;
			children = (
				86E4BCCF2965261000244E88 /* OnboardingView.swift */,
				86A2571F296DEC8F00CFDFAB /* WelcomeView.swift */,
				86726A28299D6C6200ED4DB7 /* EmailView.swift */,
				86A25721296DECA900CFDFAB /* PhoneNumberView.swift */,
				86A25723296DECB700CFDFAB /* PhoneVerficationView.swift */,
				86A25727296DF1B900CFDFAB /* CreateProfileView.swift */,
				86A25729296DF1D500CFDFAB /* ContactsView.swift */,
				86A25725296DECD500CFDFAB /* GeoLocationPermission.swift */,
				86E4BCCE2965261000244E88 /* CreateUserForm.swift */,
			);
			path = Onboarding;
			sourceTree = "<group>";
		};
		86E4BCE22965262300244E88 /* View Models */ = {
			isa = PBXGroup;
			children = (
				86A80AD3297086BD001B8941 /* ContactsModel.swift */,
				86E4BCE42965262300244E88 /* ContentModel.swift */,
				862C8B5B29A6B53F00768DDE /* LaunchViewModel.swift */,
				8643AB8E296CC3190069D5F5 /* MyGroupsModel.swift */,
				862C8B6B29A852A100768DDE /* UserHostDetailsViewModel.swift */,
				86E4BCE32965262300244E88 /* UserManager.swift */,
				8680819A29F3395D001DCD5E /* CalendarEventStore.swift */,
			);
			path = "View Models";
			sourceTree = "<group>";
		};
		86E4BCE72965263000244E88 /* Models */ = {
			isa = PBXGroup;
			children = (
				86E4BCE82965263000244E88 /* Business.swift */,
				86909D8F2A5CA83B0029BF8B /* BusinessBooking.swift */,
				86E4BCE92965263000244E88 /* Business Search.swift */,
				86A80AD529708C9A001B8941 /* User.swift */,
				864B2A72299EB07600D8AAF5 /* Groups.swift */,
				862C8B6929A7F4F500768DDE /* GroupTest.swift */,
				86A8AB4F29ED929A00F991B3 /* AttributeData.swift */,
				86A8AB2329EB1E1A00F991B3 /* FoodCategoriesData.swift */,
				86A8AB5129ED9D4A00F991B3 /* SortData.swift */,
				86358C602A080E7300693245 /* Calendar.swift */,
				8680819C29F33B38001DCD5E /* CalendarEvent.swift */,
			);
			path = Models;
			sourceTree = "<group>";
		};
		86E4BCF02965266200244E88 /* Helpers */ = {
			isa = PBXGroup;
			children = (
				8680819E29F6D9C8001DCD5E /* Yelp */,
				8680819529F1ECA0001DCD5E /* style.json */,
				8627F9F229676C4A00382DA8 /* Common */,
				8627F9EF29674F6200382DA8 /* Extensions */,
				86E4BCEE2965265A00244E88 /* Assets.xcassets */,
				86E4BCEC2965264D00244E88 /* Constants.swift */,
				86E4BCB62965256100244E88 /* GoogleService-Info.plist */,
				86A80AD92970B731001B8941 /* ImagePicker.swift */,
			);
			path = Helpers;
			sourceTree = "<group>";
		};
		C5861D7D1D021CFD47CED381 /* Frameworks */ = {
			isa = PBXGroup;
			children = (
				86A8AB3B29ECC8FB00F991B3 /* FirebaseAppCheckInterop.framework */,
				86A8AB3D29ECC8FB00F991B3 /* FirebaseAuth.framework */,
				86A8AB3F29ECC8FB00F991B3 /* FirebaseAuthInterop.framework */,
				86A8AB4129ECC8FB00F991B3 /* FirebaseCore.framework */,
				86A8AB4329ECC8FB00F991B3 /* FirebaseCoreExtension.framework */,
				86A8AB4529ECC8FB00F991B3 /* FirebaseCoreInternal.framework */,
				86A8AB4729ECC8FB00F991B3 /* FirebaseFirestore.framework */,
				86A8AB4929ECC8FB00F991B3 /* FirebaseFirestoreSwift.framework */,
				86A8AB4B29ECC8FB00F991B3 /* FirebaseSharedSwift.framework */,
				86A8AB4D29ECC8FB00F991B3 /* FirebaseStorage.framework */,
				92EF205CBF9EB2037722FFD8 /* Pods_IdEatThere.framework */,
			);
			name = Frameworks;
			sourceTree = "<group>";
		};
/* End PBXGroup section */

/* Begin PBXNativeTarget section */
		86E4BCA42965248900244E88 /* IdEatThere */ = {
			isa = PBXNativeTarget;
			buildConfigurationList = 86E4BCB32965248C00244E88 /* Build configuration list for PBXNativeTarget "IdEatThere" */;
			buildPhases = (
				4AD16B981C2D0CE91C950F03 /* [CP] Check Pods Manifest.lock */,
				86E4BCA12965248900244E88 /* Sources */,
				86E4BCA22965248900244E88 /* Frameworks */,
				86E4BCA32965248900244E88 /* Resources */,
				002DB8E07F10ED772B1F89E6 /* [CP] Embed Pods Frameworks */,
			);
			buildRules = (
			);
			dependencies = (
			);
			name = IdEatThere;
			packageProductDependencies = (
				86726A26299D684D00ED4DB7 /* ActionButton */,
			);
			productName = IdEatThere;
			productReference = 86E4BCA52965248900244E88 /* IdEatThere.app */;
			productType = "com.apple.product-type.application";
		};
/* End PBXNativeTarget section */

/* Begin PBXProject section */
		86E4BC9D2965248900244E88 /* Project object */ = {
			isa = PBXProject;
			attributes = {
				BuildIndependentTargetsInParallel = 1;
				LastSwiftUpdateCheck = 1420;
				LastUpgradeCheck = 1400;
				TargetAttributes = {
					86E4BCA42965248900244E88 = {
						CreatedOnToolsVersion = 14.0.1;
					};
				};
			};
			buildConfigurationList = 86E4BCA02965248900244E88 /* Build configuration list for PBXProject "IdEatThere" */;
			compatibilityVersion = "Xcode 13.0";
			developmentRegion = en;
			hasScannedForEncodings = 0;
			knownRegions = (
				en,
				Base,
			);
			mainGroup = 86E4BC9C2965248900244E88;
			packageReferences = (
				86726A25299D684D00ED4DB7 /* XCRemoteSwiftPackageReference "action-button" */,
				86A8AB3829ECC74400F991B3 /* XCRemoteSwiftPackageReference "CombineExpectations" */,
			);
			productRefGroup = 86E4BCA62965248900244E88 /* Products */;
			projectDirPath = "";
			projectRoot = "";
			targets = (
				86E4BCA42965248900244E88 /* IdEatThere */,
			);
		};
/* End PBXProject section */

/* Begin PBXResourcesBuildPhase section */
		86E4BCA32965248900244E88 /* Resources */ = {
			isa = PBXResourcesBuildPhase;
			buildActionMask = 2147483647;
			files = (
				86E4BCB02965248C00244E88 /* Preview Assets.xcassets in Resources */,
				8643AB87296C7EB00069D5F5 /* NotoSerifToto-VariableFont_wght.ttf in Resources */,
				86E4BCEF2965265B00244E88 /* Assets.xcassets in Resources */,
				8680819629F1ECA0001DCD5E /* style.json in Resources */,
				86E4BCB72965256100244E88 /* GoogleService-Info.plist in Resources */,
			);
			runOnlyForDeploymentPostprocessing = 0;
		};
/* End PBXResourcesBuildPhase section */

/* Begin PBXShellScriptBuildPhase section */
		002DB8E07F10ED772B1F89E6 /* [CP] Embed Pods Frameworks */ = {
			isa = PBXShellScriptBuildPhase;
			buildActionMask = 2147483647;
			files = (
			);
			inputFileListPaths = (
				"${PODS_ROOT}/Target Support Files/Pods-IdEatThere/Pods-IdEatThere-frameworks-${CONFIGURATION}-input-files.xcfilelist",
			);
			name = "[CP] Embed Pods Frameworks";
			outputFileListPaths = (
				"${PODS_ROOT}/Target Support Files/Pods-IdEatThere/Pods-IdEatThere-frameworks-${CONFIGURATION}-output-files.xcfilelist",
			);
			runOnlyForDeploymentPostprocessing = 0;
			shellPath = /bin/sh;
			shellScript = "\"${PODS_ROOT}/Target Support Files/Pods-IdEatThere/Pods-IdEatThere-frameworks.sh\"\n";
			showEnvVarsInLog = 0;
		};
		4AD16B981C2D0CE91C950F03 /* [CP] Check Pods Manifest.lock */ = {
			isa = PBXShellScriptBuildPhase;
			buildActionMask = 2147483647;
			files = (
			);
			inputFileListPaths = (
			);
			inputPaths = (
				"${PODS_PODFILE_DIR_PATH}/Podfile.lock",
				"${PODS_ROOT}/Manifest.lock",
			);
			name = "[CP] Check Pods Manifest.lock";
			outputFileListPaths = (
			);
			outputPaths = (
				"$(DERIVED_FILE_DIR)/Pods-IdEatThere-checkManifestLockResult.txt",
			);
			runOnlyForDeploymentPostprocessing = 0;
			shellPath = /bin/sh;
			shellScript = "diff \"${PODS_PODFILE_DIR_PATH}/Podfile.lock\" \"${PODS_ROOT}/Manifest.lock\" > /dev/null\nif [ $? != 0 ] ; then\n    # print error to STDERR\n    echo \"error: The sandbox is not in sync with the Podfile.lock. Run 'pod install' or update your CocoaPods installation.\" >&2\n    exit 1\nfi\n# This output is used by Xcode 'outputs' to avoid re-running this script phase.\necho \"SUCCESS\" > \"${SCRIPT_OUTPUT_FILE_0}\"\n";
			showEnvVarsInLog = 0;
		};
/* End PBXShellScriptBuildPhase section */

/* Begin PBXSourcesBuildPhase section */
		86E4BCA12965248900244E88 /* Sources */ = {
			isa = PBXSourcesBuildPhase;
			buildActionMask = 2147483647;
			files = (
				86E4BCDA2965261000244E88 /* BusinessSectionHeader.swift in Sources */,
				86726A29299D6C6200ED4DB7 /* EmailView.swift in Sources */,
				864B2A6F299EA36400D8AAF5 /* TabBarButton.swift in Sources */,
				8643AB8D296C94AF0069D5F5 /* CreateGroupsView.swift in Sources */,
				86358C692A0856AE00693245 /* CalendarEventListRowView.swift in Sources */,
				8680819B29F3395D001DCD5E /* CalendarEventStore.swift in Sources */,
				8603C24529653488006C1A58 /* MapView.swift in Sources */,
				8627F9F129674F6D00382DA8 /* Color.swift in Sources */,
				86A2572C296FACA300CFDFAB /* OnboardingTextFields.swift in Sources */,
				8643AB4F296C499C0069D5F5 /* AppDelegate.swift in Sources */,
				862C8B5C29A6B53F00768DDE /* LaunchViewModel.swift in Sources */,
				86E4BCDE2965261000244E88 /* LaunchView.swift in Sources */,
				8643AB8B296C905E0069D5F5 /* HostButton.swift in Sources */,
				86A80AD629708C9A001B8941 /* User.swift in Sources */,
				86A25720296DEC8F00CFDFAB /* WelcomeView.swift in Sources */,
				8680813D29F073BB001DCD5E /* SelectedGroupRestaurantDetailView.swift in Sources */,
				86E4BCDB2965261000244E88 /* LocationDeniedView.swift in Sources */,
				8627F9FB2967769800382DA8 /* ChevronDownButton.swift in Sources */,
				86A25728296DF1B900CFDFAB /* CreateProfileView.swift in Sources */,
				86A8AB2A29EC51C300F991B3 /* BusinessDetailCard.swift in Sources */,
				86A8AB6229EF574F00F991B3 /* FilterAndSortButton.swift in Sources */,
				8643AB46296B7FAA0069D5F5 /* MapLinkButton.swift in Sources */,
				86A80AD4297086BD001B8941 /* ContactsModel.swift in Sources */,
				86E4BCE02965261000244E88 /* OnboardingView.swift in Sources */,
				86E4BCD52965261000244E88 /* BusinessRow.swift in Sources */,
				8680813B29F041AC001DCD5E /* FontSize.swift in Sources */,
				8643AB6D296C792C0069D5F5 /* Fonts.swift in Sources */,
				86A2572A296DF1D500CFDFAB /* ContactsView.swift in Sources */,
				86358C612A080E7300693245 /* Calendar.swift in Sources */,
				8643085D2A07658000A8ABFB /* ProfileButton.swift in Sources */,
				86A8AB6029EF54DF00F991B3 /* FilterAndSortView.swift in Sources */,
				86358C6D2A0869C100693245 /* AttendeeGroupView.swift in Sources */,
				862C8B6A29A7F4F500768DDE /* GroupTest.swift in Sources */,
				864B2A73299EB07600D8AAF5 /* Groups.swift in Sources */,
				86E4BCE62965262300244E88 /* ContentModel.swift in Sources */,
				86ABBF9E29B50128009FFB9F /* AddingToMyGroupsListView.swift in Sources */,
				86A8AB5229ED9D4A00F991B3 /* SortData.swift in Sources */,
				862C8B6429A7CC5300768DDE /* SplashScreen.swift in Sources */,
				8627FA022967F63900382DA8 /* RestaurantsDataServices.swift in Sources */,
				867C99DB2999AB0D00E57C3C /* ContactsRow.swift in Sources */,
				86E4BCD62965261000244E88 /* BusinessSection.swift in Sources */,
				86E4BCD92965261000244E88 /* DirectionsView.swift in Sources */,
				86358C6F2A09743500693245 /* ProfileSettingsButton.swift in Sources */,
				86A25724296DECB700CFDFAB /* PhoneVerficationView.swift in Sources */,
				86E4BCDD2965261000244E88 /* YelpAttribution.swift in Sources */,
				86E4BCD12965261000244E88 /* HomeView.swift in Sources */,
				86E4BCD22965261000244E88 /* BusinessMap.swift in Sources */,
				867C99D8299996C700E57C3C /* HostSelectedContactsButton.swift in Sources */,
				86A8AB2629EB4DF500F991B3 /* UserLocationServices.swift in Sources */,
				862C8B6E29A90FB400768DDE /* SelectContactsView.swift in Sources */,
				86E4BCA92965248900244E88 /* IdEatThereApp.swift in Sources */,
				8627F9FD2967811000382DA8 /* CircleButtonAnimation.swift in Sources */,
				86A8AB5C29EDEE5E00F991B3 /* CategoryButton.swift in Sources */,
				8627F9FF2967F17200382DA8 /* UIApplication.swift in Sources */,
				8643AB42296B7DFE0069D5F5 /* CallButton.swift in Sources */,
				86E4BCE12965261000244E88 /* LoginForm.swift in Sources */,
				86E4BCD82965261000244E88 /* BusinessDetail.swift in Sources */,
				8643AB91296CC4050069D5F5 /* GroupsDataService.swift in Sources */,
				8680813F29F08147001DCD5E /* AllHostAttendBarView.swift in Sources */,
				86A25726296DECD500CFDFAB /* GeoLocationPermission.swift in Sources */,
				862C8B6829A7D46E00768DDE /* AddingToMyGroupsView.swift in Sources */,
				86E4BCDC2965261000244E88 /* DashedDivider.swift in Sources */,
				8627F9F429676C5900382DA8 /* CircleButton.swift in Sources */,
				867464CF2977544400358EEF /* GroupsListView.swift in Sources */,
				86358C5F2A07FE3C00693245 /* DateExtension.swift in Sources */,
				86358C6B2A0869AA00693245 /* HostGroupView.swift in Sources */,
				8603C24F29653EA9006C1A58 /* EditUserProfileButton.swift in Sources */,
				86A80ADA2970B731001B8941 /* ImagePicker.swift in Sources */,
				8603C24A296534DE006C1A58 /* MyProfileView.swift in Sources */,
				86E4BCDF2965261000244E88 /* CreateUserForm.swift in Sources */,
				86E4BCD72965261000244E88 /* BusinessTitle.swift in Sources */,
				86909D922A5DE2300029BF8B /* BusinessBookingView.swift in Sources */,
				862C8B6629A7CEC900768DDE /* SplashScreenButton.swift in Sources */,
				86E4BCEB2965263000244E88 /* Business Search.swift in Sources */,
				864B2A71299EAF9700D8AAF5 /* SelectedGroupView.swift in Sources */,
				86E4BCD32965261000244E88 /* DirectionsMap.swift in Sources */,
				86358C712A12C03000693245 /* ViewModifiers.swift in Sources */,
				8643AB8F296CC3190069D5F5 /* MyGroupsModel.swift in Sources */,
				8627FA0429687D3A00382DA8 /* XMarkButton.swift in Sources */,
				8643AB44296B7F1F0069D5F5 /* ReviewsLinkButton.swift in Sources */,
				8603C24D29653EA4006C1A58 /* EditUserProfile.swift in Sources */,
				862C8B7029A9299900768DDE /* CreateGroupButton.swift in Sources */,
				86A8AB2429EB1E1A00F991B3 /* FoodCategoriesData.swift in Sources */,
				8627F9EA29672EBF00382DA8 /* AttributeTag.swift in Sources */,
				8680819929F2ED6A001DCD5E /* CalendarView.swift in Sources */,
				8643AB4D296C44EC0069D5F5 /* CustomTabBar.swift in Sources */,
				8603C25129653EEC006C1A58 /* LogoutForm.swift in Sources */,
				862C8B6C29A852A200768DDE /* UserHostDetailsViewModel.swift in Sources */,
				86358C672A0853D300693245 /* CalendarEventSheetView.swift in Sources */,
				86A8AB5829EDEE0F00F991B3 /* CategoryTag.swift in Sources */,
				8680819D29F33B38001DCD5E /* CalendarEvent.swift in Sources */,
				86E4BCEA2965263000244E88 /* Business.swift in Sources */,
				8643AB48296B83CC0069D5F5 /* AddToMyGroupButton.swift in Sources */,
				86A8AB5A29EDEE3500F991B3 /* SortTag.swift in Sources */,
				86E4BCE52965262300244E88 /* UserManager.swift in Sources */,
				86909D902A5CA83B0029BF8B /* BusinessBooking.swift in Sources */,
				86E4BCD42965261000244E88 /* BusinessList.swift in Sources */,
				8603C247296534CB006C1A58 /* MyGroupsView.swift in Sources */,
				86A8AB2829EB6DA400F991B3 /* SearchBar.swift in Sources */,
				86A8AB5029ED929A00F991B3 /* AttributeData.swift in Sources */,
				867464CD297753C900358EEF /* ContactsListView.swift in Sources */,
				86A25722296DECA900CFDFAB /* PhoneNumberView.swift in Sources */,
				86A80AD829709FB8001B8941 /* PhoneTextHelper.swift in Sources */,
				864B2A6D299E971600D8AAF5 /* GridButton.swift in Sources */,
				8643AB89296C87EA0069D5F5 /* NoGroupsYet.swift in Sources */,
				86E4BCED2965264D00244E88 /* Constants.swift in Sources */,
			);
			runOnlyForDeploymentPostprocessing = 0;
		};
/* End PBXSourcesBuildPhase section */

/* Begin XCBuildConfiguration section */
		86E4BCB12965248C00244E88 /* Debug */ = {
			isa = XCBuildConfiguration;
			buildSettings = {
				ALWAYS_SEARCH_USER_PATHS = NO;
				CLANG_ANALYZER_NONNULL = YES;
				CLANG_ANALYZER_NUMBER_OBJECT_CONVERSION = YES_AGGRESSIVE;
				CLANG_CXX_LANGUAGE_STANDARD = "gnu++20";
				CLANG_ENABLE_MODULES = YES;
				CLANG_ENABLE_OBJC_ARC = YES;
				CLANG_ENABLE_OBJC_WEAK = YES;
				CLANG_WARN_BLOCK_CAPTURE_AUTORELEASING = YES;
				CLANG_WARN_BOOL_CONVERSION = YES;
				CLANG_WARN_COMMA = YES;
				CLANG_WARN_CONSTANT_CONVERSION = YES;
				CLANG_WARN_DEPRECATED_OBJC_IMPLEMENTATIONS = YES;
				CLANG_WARN_DIRECT_OBJC_ISA_USAGE = YES_ERROR;
				CLANG_WARN_DOCUMENTATION_COMMENTS = YES;
				CLANG_WARN_EMPTY_BODY = YES;
				CLANG_WARN_ENUM_CONVERSION = YES;
				CLANG_WARN_INFINITE_RECURSION = YES;
				CLANG_WARN_INT_CONVERSION = YES;
				CLANG_WARN_NON_LITERAL_NULL_CONVERSION = YES;
				CLANG_WARN_OBJC_IMPLICIT_RETAIN_SELF = YES;
				CLANG_WARN_OBJC_LITERAL_CONVERSION = YES;
				CLANG_WARN_OBJC_ROOT_CLASS = YES_ERROR;
				CLANG_WARN_QUOTED_INCLUDE_IN_FRAMEWORK_HEADER = YES;
				CLANG_WARN_RANGE_LOOP_ANALYSIS = YES;
				CLANG_WARN_STRICT_PROTOTYPES = YES;
				CLANG_WARN_SUSPICIOUS_MOVE = YES;
				CLANG_WARN_UNGUARDED_AVAILABILITY = YES_AGGRESSIVE;
				CLANG_WARN_UNREACHABLE_CODE = YES;
				CLANG_WARN__DUPLICATE_METHOD_MATCH = YES;
				COPY_PHASE_STRIP = NO;
				DEBUG_INFORMATION_FORMAT = dwarf;
				ENABLE_STRICT_OBJC_MSGSEND = YES;
				ENABLE_TESTABILITY = YES;
				GCC_C_LANGUAGE_STANDARD = gnu11;
				GCC_DYNAMIC_NO_PIC = NO;
				GCC_NO_COMMON_BLOCKS = YES;
				GCC_OPTIMIZATION_LEVEL = 0;
				GCC_PREPROCESSOR_DEFINITIONS = (
					"DEBUG=1",
					"$(inherited)",
				);
				GCC_WARN_64_TO_32_BIT_CONVERSION = YES;
				GCC_WARN_ABOUT_RETURN_TYPE = YES_ERROR;
				GCC_WARN_UNDECLARED_SELECTOR = YES;
				GCC_WARN_UNINITIALIZED_AUTOS = YES_AGGRESSIVE;
				GCC_WARN_UNUSED_FUNCTION = YES;
				GCC_WARN_UNUSED_VARIABLE = YES;
				IPHONEOS_DEPLOYMENT_TARGET = 16.0;
				MTL_ENABLE_DEBUG_INFO = INCLUDE_SOURCE;
				MTL_FAST_MATH = YES;
				ONLY_ACTIVE_ARCH = YES;
				SDKROOT = iphoneos;
				SWIFT_ACTIVE_COMPILATION_CONDITIONS = DEBUG;
				SWIFT_OPTIMIZATION_LEVEL = "-Onone";
			};
			name = Debug;
		};
		86E4BCB22965248C00244E88 /* Release */ = {
			isa = XCBuildConfiguration;
			buildSettings = {
				ALWAYS_SEARCH_USER_PATHS = NO;
				CLANG_ANALYZER_NONNULL = YES;
				CLANG_ANALYZER_NUMBER_OBJECT_CONVERSION = YES_AGGRESSIVE;
				CLANG_CXX_LANGUAGE_STANDARD = "gnu++20";
				CLANG_ENABLE_MODULES = YES;
				CLANG_ENABLE_OBJC_ARC = YES;
				CLANG_ENABLE_OBJC_WEAK = YES;
				CLANG_WARN_BLOCK_CAPTURE_AUTORELEASING = YES;
				CLANG_WARN_BOOL_CONVERSION = YES;
				CLANG_WARN_COMMA = YES;
				CLANG_WARN_CONSTANT_CONVERSION = YES;
				CLANG_WARN_DEPRECATED_OBJC_IMPLEMENTATIONS = YES;
				CLANG_WARN_DIRECT_OBJC_ISA_USAGE = YES_ERROR;
				CLANG_WARN_DOCUMENTATION_COMMENTS = YES;
				CLANG_WARN_EMPTY_BODY = YES;
				CLANG_WARN_ENUM_CONVERSION = YES;
				CLANG_WARN_INFINITE_RECURSION = YES;
				CLANG_WARN_INT_CONVERSION = YES;
				CLANG_WARN_NON_LITERAL_NULL_CONVERSION = YES;
				CLANG_WARN_OBJC_IMPLICIT_RETAIN_SELF = YES;
				CLANG_WARN_OBJC_LITERAL_CONVERSION = YES;
				CLANG_WARN_OBJC_ROOT_CLASS = YES_ERROR;
				CLANG_WARN_QUOTED_INCLUDE_IN_FRAMEWORK_HEADER = YES;
				CLANG_WARN_RANGE_LOOP_ANALYSIS = YES;
				CLANG_WARN_STRICT_PROTOTYPES = YES;
				CLANG_WARN_SUSPICIOUS_MOVE = YES;
				CLANG_WARN_UNGUARDED_AVAILABILITY = YES_AGGRESSIVE;
				CLANG_WARN_UNREACHABLE_CODE = YES;
				CLANG_WARN__DUPLICATE_METHOD_MATCH = YES;
				COPY_PHASE_STRIP = NO;
				DEBUG_INFORMATION_FORMAT = "dwarf-with-dsym";
				ENABLE_NS_ASSERTIONS = NO;
				ENABLE_STRICT_OBJC_MSGSEND = YES;
				GCC_C_LANGUAGE_STANDARD = gnu11;
				GCC_NO_COMMON_BLOCKS = YES;
				GCC_WARN_64_TO_32_BIT_CONVERSION = YES;
				GCC_WARN_ABOUT_RETURN_TYPE = YES_ERROR;
				GCC_WARN_UNDECLARED_SELECTOR = YES;
				GCC_WARN_UNINITIALIZED_AUTOS = YES_AGGRESSIVE;
				GCC_WARN_UNUSED_FUNCTION = YES;
				GCC_WARN_UNUSED_VARIABLE = YES;
				IPHONEOS_DEPLOYMENT_TARGET = 16.0;
				MTL_ENABLE_DEBUG_INFO = NO;
				MTL_FAST_MATH = YES;
				SDKROOT = iphoneos;
				SWIFT_COMPILATION_MODE = wholemodule;
				SWIFT_OPTIMIZATION_LEVEL = "-O";
				VALIDATE_PRODUCT = YES;
			};
			name = Release;
		};
		86E4BCB42965248C00244E88 /* Debug */ = {
			isa = XCBuildConfiguration;
			baseConfigurationReference = 422838B4F703525B278161DB /* Pods-IdEatThere.debug.xcconfig */;
			buildSettings = {
				ASSETCATALOG_COMPILER_APPICON_NAME = AppIcon;
				ASSETCATALOG_COMPILER_GLOBAL_ACCENT_COLOR_NAME = AccentColor;
				CODE_SIGN_ENTITLEMENTS = IdEatThere/IdEatThere.entitlements;
				CODE_SIGN_STYLE = Automatic;
				CURRENT_PROJECT_VERSION = 1;
				DEVELOPMENT_ASSET_PATHS = "\"IdEatThere/Preview Content\"";
				DEVELOPMENT_TEAM = B4VL48Q5L8;
				ENABLE_PREVIEWS = YES;
				GENERATE_INFOPLIST_FILE = YES;
				INFOPLIST_FILE = IdEatThere/Info.plist;
				INFOPLIST_KEY_CFBundleDisplayName = "I'd Eat There";
				INFOPLIST_KEY_NSLocationWhenInUseUsageDescription = "Grant permission to view restaurants and sights near you.";
				INFOPLIST_KEY_UIApplicationSceneManifest_Generation = YES;
				INFOPLIST_KEY_UIApplicationSupportsIndirectInputEvents = YES;
				INFOPLIST_KEY_UILaunchScreen_Generation = YES;
				INFOPLIST_KEY_UISupportedInterfaceOrientations = UIInterfaceOrientationPortrait;
				INFOPLIST_KEY_UISupportedInterfaceOrientations_iPad = "UIInterfaceOrientationPortrait UIInterfaceOrientationPortraitUpsideDown";
				IPHONEOS_DEPLOYMENT_TARGET = 15.0;
				LD_RUNPATH_SEARCH_PATHS = (
					"$(inherited)",
					"@executable_path/Frameworks",
				);
				MARKETING_VERSION = 1.0;
				PRODUCT_BUNDLE_IDENTIFIER = com.brilyanteappsllc.IdEatThere;
				PRODUCT_NAME = "$(TARGET_NAME)";
				SWIFT_EMIT_LOC_STRINGS = YES;
				SWIFT_VERSION = 5.0;
				TARGETED_DEVICE_FAMILY = "1,2";
			};
			name = Debug;
		};
		86E4BCB52965248C00244E88 /* Release */ = {
			isa = XCBuildConfiguration;
			baseConfigurationReference = D66B215D3126B07E0E42B1F9 /* Pods-IdEatThere.release.xcconfig */;
			buildSettings = {
				ASSETCATALOG_COMPILER_APPICON_NAME = AppIcon;
				ASSETCATALOG_COMPILER_GLOBAL_ACCENT_COLOR_NAME = AccentColor;
				CODE_SIGN_ENTITLEMENTS = IdEatThere/IdEatThere.entitlements;
				CODE_SIGN_STYLE = Automatic;
				CURRENT_PROJECT_VERSION = 1;
				DEVELOPMENT_ASSET_PATHS = "\"IdEatThere/Preview Content\"";
				DEVELOPMENT_TEAM = B4VL48Q5L8;
				ENABLE_PREVIEWS = YES;
				GENERATE_INFOPLIST_FILE = YES;
				INFOPLIST_FILE = IdEatThere/Info.plist;
				INFOPLIST_KEY_CFBundleDisplayName = "I'd Eat There";
				INFOPLIST_KEY_NSLocationWhenInUseUsageDescription = "Grant permission to view restaurants and sights near you.";
				INFOPLIST_KEY_UIApplicationSceneManifest_Generation = YES;
				INFOPLIST_KEY_UIApplicationSupportsIndirectInputEvents = YES;
				INFOPLIST_KEY_UILaunchScreen_Generation = YES;
				INFOPLIST_KEY_UISupportedInterfaceOrientations = UIInterfaceOrientationPortrait;
				INFOPLIST_KEY_UISupportedInterfaceOrientations_iPad = "UIInterfaceOrientationPortrait UIInterfaceOrientationPortraitUpsideDown";
				IPHONEOS_DEPLOYMENT_TARGET = 15.0;
				LD_RUNPATH_SEARCH_PATHS = (
					"$(inherited)",
					"@executable_path/Frameworks",
				);
				MARKETING_VERSION = 1.0;
				PRODUCT_BUNDLE_IDENTIFIER = com.brilyanteappsllc.IdEatThere;
				PRODUCT_NAME = "$(TARGET_NAME)";
				SWIFT_EMIT_LOC_STRINGS = YES;
				SWIFT_VERSION = 5.0;
				TARGETED_DEVICE_FAMILY = "1,2";
			};
			name = Release;
		};
/* End XCBuildConfiguration section */

/* Begin XCConfigurationList section */
		86E4BCA02965248900244E88 /* Build configuration list for PBXProject "IdEatThere" */ = {
			isa = XCConfigurationList;
			buildConfigurations = (
				86E4BCB12965248C00244E88 /* Debug */,
				86E4BCB22965248C00244E88 /* Release */,
			);
			defaultConfigurationIsVisible = 0;
			defaultConfigurationName = Release;
		};
		86E4BCB32965248C00244E88 /* Build configuration list for PBXNativeTarget "IdEatThere" */ = {
			isa = XCConfigurationList;
			buildConfigurations = (
				86E4BCB42965248C00244E88 /* Debug */,
				86E4BCB52965248C00244E88 /* Release */,
			);
			defaultConfigurationIsVisible = 0;
			defaultConfigurationName = Release;
		};
/* End XCConfigurationList section */

/* Begin XCRemoteSwiftPackageReference section */
		86726A25299D684D00ED4DB7 /* XCRemoteSwiftPackageReference "action-button" */ = {
			isa = XCRemoteSwiftPackageReference;
			repositoryURL = "https://github.com/swiftui-library/action-button";
			requirement = {
				kind = upToNextMajorVersion;
				minimumVersion = 1.0.0;
			};
		};
		86A8AB3829ECC74400F991B3 /* XCRemoteSwiftPackageReference "CombineExpectations" */ = {
			isa = XCRemoteSwiftPackageReference;
			repositoryURL = "https://github.com/groue/CombineExpectations.git";
			requirement = {
				branch = master;
				kind = branch;
			};
		};
/* End XCRemoteSwiftPackageReference section */

/* Begin XCSwiftPackageProductDependency section */
		86726A26299D684D00ED4DB7 /* ActionButton */ = {
			isa = XCSwiftPackageProductDependency;
			package = 86726A25299D684D00ED4DB7 /* XCRemoteSwiftPackageReference "action-button" */;
			productName = ActionButton;
		};
/* End XCSwiftPackageProductDependency section */
	};
	rootObject = 86E4BC9D2965248900244E88 /* Project object */;
}
