// !$*UTF8*$!
{
	archiveVersion = 1;
	classes = {
	};
	objectVersion = 55;
	objects = {

/* Begin PBXBuildFile section */
		3E958C5E2E691181F0D2CE46 /* Pods_IdEatThere.framework in Frameworks */ = {isa = PBXBuildFile; fileRef = 92EF205CBF9EB2037722FFD8 /* Pods_IdEatThere.framework */; };
		8603C24529653488006C1A58 /* MapView.swift in Sources */ = {isa = PBXBuildFile; fileRef = 8603C24429653488006C1A58 /* MapView.swift */; };
		8603C247296534CB006C1A58 /* MyGroupsView.swift in Sources */ = {isa = PBXBuildFile; fileRef = 8603C246296534CB006C1A58 /* MyGroupsView.swift */; };
		8603C24A296534DE006C1A58 /* MyProfileView.swift in Sources */ = {isa = PBXBuildFile; fileRef = 8603C249296534DE006C1A58 /* MyProfileView.swift */; };
		8603C24D29653EA4006C1A58 /* EditUserProfile.swift in Sources */ = {isa = PBXBuildFile; fileRef = 8603C24C29653EA4006C1A58 /* EditUserProfile.swift */; };
		8603C24F29653EA9006C1A58 /* EditUserProfileButton.swift in Sources */ = {isa = PBXBuildFile; fileRef = 8603C24E29653EA9006C1A58 /* EditUserProfileButton.swift */; };
		8603C25129653EEC006C1A58 /* LogoutForm.swift in Sources */ = {isa = PBXBuildFile; fileRef = 8603C25029653EEC006C1A58 /* LogoutForm.swift */; };
		8627F9EA29672EBF00382DA8 /* FilterTag.swift in Sources */ = {isa = PBXBuildFile; fileRef = 8627F9E929672EBF00382DA8 /* FilterTag.swift */; };
		8627F9EC29672EC500382DA8 /* FilterBar.swift in Sources */ = {isa = PBXBuildFile; fileRef = 8627F9EB29672EC500382DA8 /* FilterBar.swift */; };
		8627F9F129674F6D00382DA8 /* Color.swift in Sources */ = {isa = PBXBuildFile; fileRef = 8627F9F029674F6D00382DA8 /* Color.swift */; };
		86C1A978296674CE00C1B602 /* FilteredBusinessData.swift in Sources */ = {isa = PBXBuildFile; fileRef = 86C1A977296674CE00C1B602 /* FilteredBusinessData.swift */; };
		86E4BCA92965248900244E88 /* IdEatThereApp.swift in Sources */ = {isa = PBXBuildFile; fileRef = 86E4BCA82965248900244E88 /* IdEatThereApp.swift */; };
		86E4BCB02965248C00244E88 /* Preview Assets.xcassets in Resources */ = {isa = PBXBuildFile; fileRef = 86E4BCAF2965248C00244E88 /* Preview Assets.xcassets */; };
		86E4BCB72965256100244E88 /* GoogleService-Info.plist in Resources */ = {isa = PBXBuildFile; fileRef = 86E4BCB62965256100244E88 /* GoogleService-Info.plist */; };
		86E4BCD12965261000244E88 /* HomeView.swift in Sources */ = {isa = PBXBuildFile; fileRef = 86E4BCBA2965261000244E88 /* HomeView.swift */; };
		86E4BCD22965261000244E88 /* BusinessMap.swift in Sources */ = {isa = PBXBuildFile; fileRef = 86E4BCBC2965261000244E88 /* BusinessMap.swift */; };
		86E4BCD32965261000244E88 /* DirectionsMap.swift in Sources */ = {isa = PBXBuildFile; fileRef = 86E4BCBD2965261000244E88 /* DirectionsMap.swift */; };
		86E4BCD42965261000244E88 /* BusinessList.swift in Sources */ = {isa = PBXBuildFile; fileRef = 86E4BCBF2965261000244E88 /* BusinessList.swift */; };
		86E4BCD52965261000244E88 /* BusinessRow.swift in Sources */ = {isa = PBXBuildFile; fileRef = 86E4BCC02965261000244E88 /* BusinessRow.swift */; };
		86E4BCD62965261000244E88 /* BusinessSection.swift in Sources */ = {isa = PBXBuildFile; fileRef = 86E4BCC12965261000244E88 /* BusinessSection.swift */; };
		86E4BCD72965261000244E88 /* BusinessTitle.swift in Sources */ = {isa = PBXBuildFile; fileRef = 86E4BCC32965261000244E88 /* BusinessTitle.swift */; };
		86E4BCD82965261000244E88 /* BusinessDetail.swift in Sources */ = {isa = PBXBuildFile; fileRef = 86E4BCC42965261000244E88 /* BusinessDetail.swift */; };
		86E4BCD92965261000244E88 /* DirectionsView.swift in Sources */ = {isa = PBXBuildFile; fileRef = 86E4BCC52965261000244E88 /* DirectionsView.swift */; };
		86E4BCDA2965261000244E88 /* BusinessSectionHeader.swift in Sources */ = {isa = PBXBuildFile; fileRef = 86E4BCC62965261000244E88 /* BusinessSectionHeader.swift */; };
		86E4BCDB2965261000244E88 /* LocationDeniedView.swift in Sources */ = {isa = PBXBuildFile; fileRef = 86E4BCC82965261000244E88 /* LocationDeniedView.swift */; };
		86E4BCDC2965261000244E88 /* DashedDivider.swift in Sources */ = {isa = PBXBuildFile; fileRef = 86E4BCCA2965261000244E88 /* DashedDivider.swift */; };
		86E4BCDD2965261000244E88 /* YelpAttribution.swift in Sources */ = {isa = PBXBuildFile; fileRef = 86E4BCCB2965261000244E88 /* YelpAttribution.swift */; };
		86E4BCDE2965261000244E88 /* LaunchView.swift in Sources */ = {isa = PBXBuildFile; fileRef = 86E4BCCC2965261000244E88 /* LaunchView.swift */; };
		86E4BCDF2965261000244E88 /* CreateUserForm.swift in Sources */ = {isa = PBXBuildFile; fileRef = 86E4BCCE2965261000244E88 /* CreateUserForm.swift */; };
		86E4BCE02965261000244E88 /* OnboardingView.swift in Sources */ = {isa = PBXBuildFile; fileRef = 86E4BCCF2965261000244E88 /* OnboardingView.swift */; };
		86E4BCE12965261000244E88 /* LoginForm.swift in Sources */ = {isa = PBXBuildFile; fileRef = 86E4BCD02965261000244E88 /* LoginForm.swift */; };
		86E4BCE52965262300244E88 /* UserManager.swift in Sources */ = {isa = PBXBuildFile; fileRef = 86E4BCE32965262300244E88 /* UserManager.swift */; };
		86E4BCE62965262300244E88 /* ContentModel.swift in Sources */ = {isa = PBXBuildFile; fileRef = 86E4BCE42965262300244E88 /* ContentModel.swift */; };
		86E4BCEA2965263000244E88 /* Business.swift in Sources */ = {isa = PBXBuildFile; fileRef = 86E4BCE82965263000244E88 /* Business.swift */; };
		86E4BCEB2965263000244E88 /* Business Search.swift in Sources */ = {isa = PBXBuildFile; fileRef = 86E4BCE92965263000244E88 /* Business Search.swift */; };
		86E4BCED2965264D00244E88 /* Constants.swift in Sources */ = {isa = PBXBuildFile; fileRef = 86E4BCEC2965264D00244E88 /* Constants.swift */; };
		86E4BCEF2965265B00244E88 /* Assets.xcassets in Resources */ = {isa = PBXBuildFile; fileRef = 86E4BCEE2965265A00244E88 /* Assets.xcassets */; };
/* End PBXBuildFile section */

/* Begin PBXFileReference section */
		422838B4F703525B278161DB /* Pods-IdEatThere.debug.xcconfig */ = {isa = PBXFileReference; includeInIndex = 1; lastKnownFileType = text.xcconfig; name = "Pods-IdEatThere.debug.xcconfig"; path = "Target Support Files/Pods-IdEatThere/Pods-IdEatThere.debug.xcconfig"; sourceTree = "<group>"; };
		8603C24429653488006C1A58 /* MapView.swift */ = {isa = PBXFileReference; lastKnownFileType = sourcecode.swift; path = MapView.swift; sourceTree = "<group>"; };
		8603C246296534CB006C1A58 /* MyGroupsView.swift */ = {isa = PBXFileReference; lastKnownFileType = sourcecode.swift; path = MyGroupsView.swift; sourceTree = "<group>"; };
		8603C249296534DE006C1A58 /* MyProfileView.swift */ = {isa = PBXFileReference; lastKnownFileType = sourcecode.swift; path = MyProfileView.swift; sourceTree = "<group>"; };
		8603C24C29653EA4006C1A58 /* EditUserProfile.swift */ = {isa = PBXFileReference; fileEncoding = 4; lastKnownFileType = sourcecode.swift; path = EditUserProfile.swift; sourceTree = "<group>"; };
		8603C24E29653EA9006C1A58 /* EditUserProfileButton.swift */ = {isa = PBXFileReference; fileEncoding = 4; lastKnownFileType = sourcecode.swift; path = EditUserProfileButton.swift; sourceTree = "<group>"; };
		8603C25029653EEC006C1A58 /* LogoutForm.swift */ = {isa = PBXFileReference; fileEncoding = 4; lastKnownFileType = sourcecode.swift; path = LogoutForm.swift; sourceTree = "<group>"; };
		8627F9E929672EBF00382DA8 /* FilterTag.swift */ = {isa = PBXFileReference; fileEncoding = 4; lastKnownFileType = sourcecode.swift; path = FilterTag.swift; sourceTree = "<group>"; };
		8627F9EB29672EC500382DA8 /* FilterBar.swift */ = {isa = PBXFileReference; fileEncoding = 4; lastKnownFileType = sourcecode.swift; path = FilterBar.swift; sourceTree = "<group>"; };
		8627F9F029674F6D00382DA8 /* Color.swift */ = {isa = PBXFileReference; lastKnownFileType = sourcecode.swift; path = Color.swift; sourceTree = "<group>"; };
		86C1A977296674CE00C1B602 /* FilteredBusinessData.swift */ = {isa = PBXFileReference; lastKnownFileType = sourcecode.swift; path = FilteredBusinessData.swift; sourceTree = "<group>"; };
		86E4BCA52965248900244E88 /* IdEatThere.app */ = {isa = PBXFileReference; explicitFileType = wrapper.application; includeInIndex = 0; path = IdEatThere.app; sourceTree = BUILT_PRODUCTS_DIR; };
		86E4BCA82965248900244E88 /* IdEatThereApp.swift */ = {isa = PBXFileReference; lastKnownFileType = sourcecode.swift; path = IdEatThereApp.swift; sourceTree = "<group>"; };
		86E4BCAF2965248C00244E88 /* Preview Assets.xcassets */ = {isa = PBXFileReference; lastKnownFileType = folder.assetcatalog; path = "Preview Assets.xcassets"; sourceTree = "<group>"; };
		86E4BCB62965256100244E88 /* GoogleService-Info.plist */ = {isa = PBXFileReference; fileEncoding = 4; lastKnownFileType = text.plist.xml; path = "GoogleService-Info.plist"; sourceTree = "<group>"; };
		86E4BCBA2965261000244E88 /* HomeView.swift */ = {isa = PBXFileReference; fileEncoding = 4; lastKnownFileType = sourcecode.swift; path = HomeView.swift; sourceTree = "<group>"; };
		86E4BCBC2965261000244E88 /* BusinessMap.swift */ = {isa = PBXFileReference; fileEncoding = 4; lastKnownFileType = sourcecode.swift; path = BusinessMap.swift; sourceTree = "<group>"; };
		86E4BCBD2965261000244E88 /* DirectionsMap.swift */ = {isa = PBXFileReference; fileEncoding = 4; lastKnownFileType = sourcecode.swift; path = DirectionsMap.swift; sourceTree = "<group>"; };
		86E4BCBF2965261000244E88 /* BusinessList.swift */ = {isa = PBXFileReference; fileEncoding = 4; lastKnownFileType = sourcecode.swift; path = BusinessList.swift; sourceTree = "<group>"; };
		86E4BCC02965261000244E88 /* BusinessRow.swift */ = {isa = PBXFileReference; fileEncoding = 4; lastKnownFileType = sourcecode.swift; path = BusinessRow.swift; sourceTree = "<group>"; };
		86E4BCC12965261000244E88 /* BusinessSection.swift */ = {isa = PBXFileReference; fileEncoding = 4; lastKnownFileType = sourcecode.swift; path = BusinessSection.swift; sourceTree = "<group>"; };
		86E4BCC32965261000244E88 /* BusinessTitle.swift */ = {isa = PBXFileReference; fileEncoding = 4; lastKnownFileType = sourcecode.swift; path = BusinessTitle.swift; sourceTree = "<group>"; };
		86E4BCC42965261000244E88 /* BusinessDetail.swift */ = {isa = PBXFileReference; fileEncoding = 4; lastKnownFileType = sourcecode.swift; path = BusinessDetail.swift; sourceTree = "<group>"; };
		86E4BCC52965261000244E88 /* DirectionsView.swift */ = {isa = PBXFileReference; fileEncoding = 4; lastKnownFileType = sourcecode.swift; path = DirectionsView.swift; sourceTree = "<group>"; };
		86E4BCC62965261000244E88 /* BusinessSectionHeader.swift */ = {isa = PBXFileReference; fileEncoding = 4; lastKnownFileType = sourcecode.swift; path = BusinessSectionHeader.swift; sourceTree = "<group>"; };
		86E4BCC82965261000244E88 /* LocationDeniedView.swift */ = {isa = PBXFileReference; fileEncoding = 4; lastKnownFileType = sourcecode.swift; path = LocationDeniedView.swift; sourceTree = "<group>"; };
		86E4BCCA2965261000244E88 /* DashedDivider.swift */ = {isa = PBXFileReference; fileEncoding = 4; lastKnownFileType = sourcecode.swift; path = DashedDivider.swift; sourceTree = "<group>"; };
		86E4BCCB2965261000244E88 /* YelpAttribution.swift */ = {isa = PBXFileReference; fileEncoding = 4; lastKnownFileType = sourcecode.swift; path = YelpAttribution.swift; sourceTree = "<group>"; };
		86E4BCCC2965261000244E88 /* LaunchView.swift */ = {isa = PBXFileReference; fileEncoding = 4; lastKnownFileType = sourcecode.swift; path = LaunchView.swift; sourceTree = "<group>"; };
		86E4BCCE2965261000244E88 /* CreateUserForm.swift */ = {isa = PBXFileReference; fileEncoding = 4; lastKnownFileType = sourcecode.swift; path = CreateUserForm.swift; sourceTree = "<group>"; };
		86E4BCCF2965261000244E88 /* OnboardingView.swift */ = {isa = PBXFileReference; fileEncoding = 4; lastKnownFileType = sourcecode.swift; path = OnboardingView.swift; sourceTree = "<group>"; };
		86E4BCD02965261000244E88 /* LoginForm.swift */ = {isa = PBXFileReference; fileEncoding = 4; lastKnownFileType = sourcecode.swift; path = LoginForm.swift; sourceTree = "<group>"; };
		86E4BCE32965262300244E88 /* UserManager.swift */ = {isa = PBXFileReference; fileEncoding = 4; lastKnownFileType = sourcecode.swift; path = UserManager.swift; sourceTree = "<group>"; };
		86E4BCE42965262300244E88 /* ContentModel.swift */ = {isa = PBXFileReference; fileEncoding = 4; lastKnownFileType = sourcecode.swift; path = ContentModel.swift; sourceTree = "<group>"; };
		86E4BCE82965263000244E88 /* Business.swift */ = {isa = PBXFileReference; fileEncoding = 4; lastKnownFileType = sourcecode.swift; path = Business.swift; sourceTree = "<group>"; };
		86E4BCE92965263000244E88 /* Business Search.swift */ = {isa = PBXFileReference; fileEncoding = 4; lastKnownFileType = sourcecode.swift; path = "Business Search.swift"; sourceTree = "<group>"; };
		86E4BCEC2965264D00244E88 /* Constants.swift */ = {isa = PBXFileReference; fileEncoding = 4; lastKnownFileType = sourcecode.swift; path = Constants.swift; sourceTree = "<group>"; };
		86E4BCEE2965265A00244E88 /* Assets.xcassets */ = {isa = PBXFileReference; lastKnownFileType = folder.assetcatalog; path = Assets.xcassets; sourceTree = "<group>"; };
		92EF205CBF9EB2037722FFD8 /* Pods_IdEatThere.framework */ = {isa = PBXFileReference; explicitFileType = wrapper.framework; includeInIndex = 0; path = Pods_IdEatThere.framework; sourceTree = BUILT_PRODUCTS_DIR; };
		D66B215D3126B07E0E42B1F9 /* Pods-IdEatThere.release.xcconfig */ = {isa = PBXFileReference; includeInIndex = 1; lastKnownFileType = text.xcconfig; name = "Pods-IdEatThere.release.xcconfig"; path = "Target Support Files/Pods-IdEatThere/Pods-IdEatThere.release.xcconfig"; sourceTree = "<group>"; };
/* End PBXFileReference section */

/* Begin PBXFrameworksBuildPhase section */
		86E4BCA22965248900244E88 /* Frameworks */ = {
			isa = PBXFrameworksBuildPhase;
			buildActionMask = 2147483647;
			files = (
				3E958C5E2E691181F0D2CE46 /* Pods_IdEatThere.framework in Frameworks */,
			);
			runOnlyForDeploymentPostprocessing = 0;
		};
/* End PBXFrameworksBuildPhase section */

/* Begin PBXGroup section */
		41F995E4241551E045992235 /* Pods */ = {
			isa = PBXGroup;
			children = (
				422838B4F703525B278161DB /* Pods-IdEatThere.debug.xcconfig */,
				D66B215D3126B07E0E42B1F9 /* Pods-IdEatThere.release.xcconfig */,
			);
			path = Pods;
			sourceTree = "<group>";
		};
		8603C2432965346C006C1A58 /* Tabs */ = {
			isa = PBXGroup;
			children = (
				8603C25029653EEC006C1A58 /* LogoutForm.swift */,
				8603C24429653488006C1A58 /* MapView.swift */,
				8603C246296534CB006C1A58 /* MyGroupsView.swift */,
				8603C249296534DE006C1A58 /* MyProfileView.swift */,
				8603C24B29653E91006C1A58 /* Profile Edit */,
			);
			path = Tabs;
			sourceTree = "<group>";
		};
		8603C24B29653E91006C1A58 /* Profile Edit */ = {
			isa = PBXGroup;
			children = (
				8603C24C29653EA4006C1A58 /* EditUserProfile.swift */,
				8603C24E29653EA9006C1A58 /* EditUserProfileButton.swift */,
			);
			path = "Profile Edit";
			sourceTree = "<group>";
		};
		8627F9E829672EB700382DA8 /* Filter */ = {
			isa = PBXGroup;
			children = (
				8627F9E929672EBF00382DA8 /* FilterTag.swift */,
				8627F9EB29672EC500382DA8 /* FilterBar.swift */,
			);
			path = Filter;
			sourceTree = "<group>";
		};
		8627F9EF29674F6200382DA8 /* Extensions */ = {
			isa = PBXGroup;
			children = (
				8627F9F029674F6D00382DA8 /* Color.swift */,
			);
			path = Extensions;
			sourceTree = "<group>";
		};
		86E4BC9C2965248900244E88 = {
			isa = PBXGroup;
			children = (
				86E4BCA72965248900244E88 /* IdEatThere */,
				86E4BCA62965248900244E88 /* Products */,
				41F995E4241551E045992235 /* Pods */,
				C5861D7D1D021CFD47CED381 /* Frameworks */,
			);
			sourceTree = "<group>";
		};
		86E4BCA62965248900244E88 /* Products */ = {
			isa = PBXGroup;
			children = (
				86E4BCA52965248900244E88 /* IdEatThere.app */,
			);
			name = Products;
			sourceTree = "<group>";
		};
		86E4BCA72965248900244E88 /* IdEatThere */ = {
			isa = PBXGroup;
			children = (
				86E4BCA82965248900244E88 /* IdEatThereApp.swift */,
				86E4BCB82965261000244E88 /* Views */,
				86E4BCE22965262300244E88 /* View Models */,
				86E4BCE72965263000244E88 /* Models */,
				86E4BCF02965266200244E88 /* Helpers */,
				86E4BCAE2965248C00244E88 /* Preview Content */,
			);
			path = IdEatThere;
			sourceTree = "<group>";
		};
		86E4BCAE2965248C00244E88 /* Preview Content */ = {
			isa = PBXGroup;
			children = (
				86E4BCAF2965248C00244E88 /* Preview Assets.xcassets */,
			);
			path = "Preview Content";
			sourceTree = "<group>";
		};
		86E4BCB82965261000244E88 /* Views */ = {
			isa = PBXGroup;
			children = (
				86E4BCCC2965261000244E88 /* LaunchView.swift */,
				86E4BCB92965261000244E88 /* Home */,
				8603C2432965346C006C1A58 /* Tabs */,
				86E4BCC72965261000244E88 /* Denied */,
				86E4BCC92965261000244E88 /* Common */,
				86E4BCCD2965261000244E88 /* Onboarding */,
			);
			path = Views;
			sourceTree = "<group>";
		};
		86E4BCB92965261000244E88 /* Home */ = {
			isa = PBXGroup;
			children = (
				86E4BCBA2965261000244E88 /* HomeView.swift */,
				86E4BCBB2965261000244E88 /* Map */,
				86E4BCBE2965261000244E88 /* List */,
			);
			path = Home;
			sourceTree = "<group>";
		};
		86E4BCBB2965261000244E88 /* Map */ = {
			isa = PBXGroup;
			children = (
				86E4BCBC2965261000244E88 /* BusinessMap.swift */,
				86E4BCBD2965261000244E88 /* DirectionsMap.swift */,
			);
			path = Map;
			sourceTree = "<group>";
		};
		86E4BCBE2965261000244E88 /* List */ = {
			isa = PBXGroup;
			children = (
				8627F9E829672EB700382DA8 /* Filter */,
				86E4BCBF2965261000244E88 /* BusinessList.swift */,
				86E4BCC02965261000244E88 /* BusinessRow.swift */,
				86E4BCC12965261000244E88 /* BusinessSection.swift */,
				86E4BCC22965261000244E88 /* Detail */,
				86E4BCC62965261000244E88 /* BusinessSectionHeader.swift */,
			);
			path = List;
			sourceTree = "<group>";
		};
		86E4BCC22965261000244E88 /* Detail */ = {
			isa = PBXGroup;
			children = (
				86E4BCC32965261000244E88 /* BusinessTitle.swift */,
				86E4BCC42965261000244E88 /* BusinessDetail.swift */,
				86E4BCC52965261000244E88 /* DirectionsView.swift */,
			);
			path = Detail;
			sourceTree = "<group>";
		};
		86E4BCC72965261000244E88 /* Denied */ = {
			isa = PBXGroup;
			children = (
				86E4BCC82965261000244E88 /* LocationDeniedView.swift */,
			);
			path = Denied;
			sourceTree = "<group>";
		};
		86E4BCC92965261000244E88 /* Common */ = {
			isa = PBXGroup;
			children = (
				86E4BCCA2965261000244E88 /* DashedDivider.swift */,
				86E4BCCB2965261000244E88 /* YelpAttribution.swift */,
			);
			path = Common;
			sourceTree = "<group>";
		};
		86E4BCCD2965261000244E88 /* Onboarding */ = {
			isa = PBXGroup;
			children = (
				86E4BCCE2965261000244E88 /* CreateUserForm.swift */,
				86E4BCCF2965261000244E88 /* OnboardingView.swift */,
				86E4BCD02965261000244E88 /* LoginForm.swift */,
			);
			path = Onboarding;
			sourceTree = "<group>";
		};
		86E4BCE22965262300244E88 /* View Models */ = {
			isa = PBXGroup;
			children = (
				86E4BCE32965262300244E88 /* UserManager.swift */,
				86E4BCE42965262300244E88 /* ContentModel.swift */,
			);
			path = "View Models";
			sourceTree = "<group>";
		};
		86E4BCE72965263000244E88 /* Models */ = {
			isa = PBXGroup;
			children = (
				86E4BCE82965263000244E88 /* Business.swift */,
				86E4BCE92965263000244E88 /* Business Search.swift */,
				86C1A977296674CE00C1B602 /* FilteredBusinessData.swift */,
			);
			path = Models;
			sourceTree = "<group>";
		};
		86E4BCF02965266200244E88 /* Helpers */ = {
			isa = PBXGroup;
			children = (
				8627F9EF29674F6200382DA8 /* Extensions */,
				86E4BCEE2965265A00244E88 /* Assets.xcassets */,
				86E4BCEC2965264D00244E88 /* Constants.swift */,
				86E4BCB62965256100244E88 /* GoogleService-Info.plist */,
			);
			path = Helpers;
			sourceTree = "<group>";
		};
		C5861D7D1D021CFD47CED381 /* Frameworks */ = {
			isa = PBXGroup;
			children = (
				92EF205CBF9EB2037722FFD8 /* Pods_IdEatThere.framework */,
			);
			name = Frameworks;
			sourceTree = "<group>";
		};
/* End PBXGroup section */

/* Begin PBXNativeTarget section */
		86E4BCA42965248900244E88 /* IdEatThere */ = {
			isa = PBXNativeTarget;
			buildConfigurationList = 86E4BCB32965248C00244E88 /* Build configuration list for PBXNativeTarget "IdEatThere" */;
			buildPhases = (
				4AD16B981C2D0CE91C950F03 /* [CP] Check Pods Manifest.lock */,
				86E4BCA12965248900244E88 /* Sources */,
				86E4BCA22965248900244E88 /* Frameworks */,
				86E4BCA32965248900244E88 /* Resources */,
				002DB8E07F10ED772B1F89E6 /* [CP] Embed Pods Frameworks */,
			);
			buildRules = (
			);
			dependencies = (
			);
			name = IdEatThere;
			productName = IdEatThere;
			productReference = 86E4BCA52965248900244E88 /* IdEatThere.app */;
			productType = "com.apple.product-type.application";
		};
/* End PBXNativeTarget section */

/* Begin PBXProject section */
		86E4BC9D2965248900244E88 /* Project object */ = {
			isa = PBXProject;
			attributes = {
				BuildIndependentTargetsInParallel = 1;
				LastSwiftUpdateCheck = 1400;
				LastUpgradeCheck = 1400;
				TargetAttributes = {
					86E4BCA42965248900244E88 = {
						CreatedOnToolsVersion = 14.0.1;
					};
				};
			};
			buildConfigurationList = 86E4BCA02965248900244E88 /* Build configuration list for PBXProject "IdEatThere" */;
			compatibilityVersion = "Xcode 13.0";
			developmentRegion = en;
			hasScannedForEncodings = 0;
			knownRegions = (
				en,
				Base,
			);
			mainGroup = 86E4BC9C2965248900244E88;
			productRefGroup = 86E4BCA62965248900244E88 /* Products */;
			projectDirPath = "";
			projectRoot = "";
			targets = (
				86E4BCA42965248900244E88 /* IdEatThere */,
			);
		};
/* End PBXProject section */

/* Begin PBXResourcesBuildPhase section */
		86E4BCA32965248900244E88 /* Resources */ = {
			isa = PBXResourcesBuildPhase;
			buildActionMask = 2147483647;
			files = (
				86E4BCB02965248C00244E88 /* Preview Assets.xcassets in Resources */,
				86E4BCEF2965265B00244E88 /* Assets.xcassets in Resources */,
				86E4BCB72965256100244E88 /* GoogleService-Info.plist in Resources */,
			);
			runOnlyForDeploymentPostprocessing = 0;
		};
/* End PBXResourcesBuildPhase section */

/* Begin PBXShellScriptBuildPhase section */
		002DB8E07F10ED772B1F89E6 /* [CP] Embed Pods Frameworks */ = {
			isa = PBXShellScriptBuildPhase;
			buildActionMask = 2147483647;
			files = (
			);
			inputFileListPaths = (
				"${PODS_ROOT}/Target Support Files/Pods-IdEatThere/Pods-IdEatThere-frameworks-${CONFIGURATION}-input-files.xcfilelist",
			);
			name = "[CP] Embed Pods Frameworks";
			outputFileListPaths = (
				"${PODS_ROOT}/Target Support Files/Pods-IdEatThere/Pods-IdEatThere-frameworks-${CONFIGURATION}-output-files.xcfilelist",
			);
			runOnlyForDeploymentPostprocessing = 0;
			shellPath = /bin/sh;
			shellScript = "\"${PODS_ROOT}/Target Support Files/Pods-IdEatThere/Pods-IdEatThere-frameworks.sh\"\n";
			showEnvVarsInLog = 0;
		};
		4AD16B981C2D0CE91C950F03 /* [CP] Check Pods Manifest.lock */ = {
			isa = PBXShellScriptBuildPhase;
			buildActionMask = 2147483647;
			files = (
			);
			inputFileListPaths = (
			);
			inputPaths = (
				"${PODS_PODFILE_DIR_PATH}/Podfile.lock",
				"${PODS_ROOT}/Manifest.lock",
			);
			name = "[CP] Check Pods Manifest.lock";
			outputFileListPaths = (
			);
			outputPaths = (
				"$(DERIVED_FILE_DIR)/Pods-IdEatThere-checkManifestLockResult.txt",
			);
			runOnlyForDeploymentPostprocessing = 0;
			shellPath = /bin/sh;
			shellScript = "diff \"${PODS_PODFILE_DIR_PATH}/Podfile.lock\" \"${PODS_ROOT}/Manifest.lock\" > /dev/null\nif [ $? != 0 ] ; then\n    # print error to STDERR\n    echo \"error: The sandbox is not in sync with the Podfile.lock. Run 'pod install' or update your CocoaPods installation.\" >&2\n    exit 1\nfi\n# This output is used by Xcode 'outputs' to avoid re-running this script phase.\necho \"SUCCESS\" > \"${SCRIPT_OUTPUT_FILE_0}\"\n";
			showEnvVarsInLog = 0;
		};
/* End PBXShellScriptBuildPhase section */

/* Begin PBXSourcesBuildPhase section */
		86E4BCA12965248900244E88 /* Sources */ = {
			isa = PBXSourcesBuildPhase;
			buildActionMask = 2147483647;
			files = (
				86E4BCDA2965261000244E88 /* BusinessSectionHeader.swift in Sources */,
				8603C24529653488006C1A58 /* MapView.swift in Sources */,
				8627F9F129674F6D00382DA8 /* Color.swift in Sources */,
				86E4BCDE2965261000244E88 /* LaunchView.swift in Sources */,
				86E4BCDB2965261000244E88 /* LocationDeniedView.swift in Sources */,
				86E4BCE02965261000244E88 /* OnboardingView.swift in Sources */,
				8627F9EC29672EC500382DA8 /* FilterBar.swift in Sources */,
				86E4BCD52965261000244E88 /* BusinessRow.swift in Sources */,
				86E4BCE62965262300244E88 /* ContentModel.swift in Sources */,
				86E4BCD62965261000244E88 /* BusinessSection.swift in Sources */,
				86E4BCD92965261000244E88 /* DirectionsView.swift in Sources */,
				86E4BCDD2965261000244E88 /* YelpAttribution.swift in Sources */,
				86C1A978296674CE00C1B602 /* FilteredBusinessData.swift in Sources */,
				86E4BCD12965261000244E88 /* HomeView.swift in Sources */,
				86E4BCD22965261000244E88 /* BusinessMap.swift in Sources */,
				86E4BCA92965248900244E88 /* IdEatThereApp.swift in Sources */,
				86E4BCE12965261000244E88 /* LoginForm.swift in Sources */,
				86E4BCD82965261000244E88 /* BusinessDetail.swift in Sources */,
				86E4BCDC2965261000244E88 /* DashedDivider.swift in Sources */,
				8603C24F29653EA9006C1A58 /* EditUserProfileButton.swift in Sources */,
				8603C24A296534DE006C1A58 /* MyProfileView.swift in Sources */,
				86E4BCDF2965261000244E88 /* CreateUserForm.swift in Sources */,
				86E4BCD72965261000244E88 /* BusinessTitle.swift in Sources */,
				86E4BCEB2965263000244E88 /* Business Search.swift in Sources */,
				86E4BCD32965261000244E88 /* DirectionsMap.swift in Sources */,
				8603C24D29653EA4006C1A58 /* EditUserProfile.swift in Sources */,
				8627F9EA29672EBF00382DA8 /* FilterTag.swift in Sources */,
				8603C25129653EEC006C1A58 /* LogoutForm.swift in Sources */,
				86E4BCEA2965263000244E88 /* Business.swift in Sources */,
				86E4BCE52965262300244E88 /* UserManager.swift in Sources */,
				86E4BCD42965261000244E88 /* BusinessList.swift in Sources */,
				8603C247296534CB006C1A58 /* MyGroupsView.swift in Sources */,
				86E4BCED2965264D00244E88 /* Constants.swift in Sources */,
			);
			runOnlyForDeploymentPostprocessing = 0;
		};
/* End PBXSourcesBuildPhase section */

/* Begin XCBuildConfiguration section */
		86E4BCB12965248C00244E88 /* Debug */ = {
			isa = XCBuildConfiguration;
			buildSettings = {
				ALWAYS_SEARCH_USER_PATHS = NO;
				CLANG_ANALYZER_NONNULL = YES;
				CLANG_ANALYZER_NUMBER_OBJECT_CONVERSION = YES_AGGRESSIVE;
				CLANG_CXX_LANGUAGE_STANDARD = "gnu++20";
				CLANG_ENABLE_MODULES = YES;
				CLANG_ENABLE_OBJC_ARC = YES;
				CLANG_ENABLE_OBJC_WEAK = YES;
				CLANG_WARN_BLOCK_CAPTURE_AUTORELEASING = YES;
				CLANG_WARN_BOOL_CONVERSION = YES;
				CLANG_WARN_COMMA = YES;
				CLANG_WARN_CONSTANT_CONVERSION = YES;
				CLANG_WARN_DEPRECATED_OBJC_IMPLEMENTATIONS = YES;
				CLANG_WARN_DIRECT_OBJC_ISA_USAGE = YES_ERROR;
				CLANG_WARN_DOCUMENTATION_COMMENTS = YES;
				CLANG_WARN_EMPTY_BODY = YES;
				CLANG_WARN_ENUM_CONVERSION = YES;
				CLANG_WARN_INFINITE_RECURSION = YES;
				CLANG_WARN_INT_CONVERSION = YES;
				CLANG_WARN_NON_LITERAL_NULL_CONVERSION = YES;
				CLANG_WARN_OBJC_IMPLICIT_RETAIN_SELF = YES;
				CLANG_WARN_OBJC_LITERAL_CONVERSION = YES;
				CLANG_WARN_OBJC_ROOT_CLASS = YES_ERROR;
				CLANG_WARN_QUOTED_INCLUDE_IN_FRAMEWORK_HEADER = YES;
				CLANG_WARN_RANGE_LOOP_ANALYSIS = YES;
				CLANG_WARN_STRICT_PROTOTYPES = YES;
				CLANG_WARN_SUSPICIOUS_MOVE = YES;
				CLANG_WARN_UNGUARDED_AVAILABILITY = YES_AGGRESSIVE;
				CLANG_WARN_UNREACHABLE_CODE = YES;
				CLANG_WARN__DUPLICATE_METHOD_MATCH = YES;
				COPY_PHASE_STRIP = NO;
				DEBUG_INFORMATION_FORMAT = dwarf;
				ENABLE_STRICT_OBJC_MSGSEND = YES;
				ENABLE_TESTABILITY = YES;
				GCC_C_LANGUAGE_STANDARD = gnu11;
				GCC_DYNAMIC_NO_PIC = NO;
				GCC_NO_COMMON_BLOCKS = YES;
				GCC_OPTIMIZATION_LEVEL = 0;
				GCC_PREPROCESSOR_DEFINITIONS = (
					"DEBUG=1",
					"$(inherited)",
				);
				GCC_WARN_64_TO_32_BIT_CONVERSION = YES;
				GCC_WARN_ABOUT_RETURN_TYPE = YES_ERROR;
				GCC_WARN_UNDECLARED_SELECTOR = YES;
				GCC_WARN_UNINITIALIZED_AUTOS = YES_AGGRESSIVE;
				GCC_WARN_UNUSED_FUNCTION = YES;
				GCC_WARN_UNUSED_VARIABLE = YES;
				IPHONEOS_DEPLOYMENT_TARGET = 16.0;
				MTL_ENABLE_DEBUG_INFO = INCLUDE_SOURCE;
				MTL_FAST_MATH = YES;
				ONLY_ACTIVE_ARCH = YES;
				SDKROOT = iphoneos;
				SWIFT_ACTIVE_COMPILATION_CONDITIONS = DEBUG;
				SWIFT_OPTIMIZATION_LEVEL = "-Onone";
			};
			name = Debug;
		};
		86E4BCB22965248C00244E88 /* Release */ = {
			isa = XCBuildConfiguration;
			buildSettings = {
				ALWAYS_SEARCH_USER_PATHS = NO;
				CLANG_ANALYZER_NONNULL = YES;
				CLANG_ANALYZER_NUMBER_OBJECT_CONVERSION = YES_AGGRESSIVE;
				CLANG_CXX_LANGUAGE_STANDARD = "gnu++20";
				CLANG_ENABLE_MODULES = YES;
				CLANG_ENABLE_OBJC_ARC = YES;
				CLANG_ENABLE_OBJC_WEAK = YES;
				CLANG_WARN_BLOCK_CAPTURE_AUTORELEASING = YES;
				CLANG_WARN_BOOL_CONVERSION = YES;
				CLANG_WARN_COMMA = YES;
				CLANG_WARN_CONSTANT_CONVERSION = YES;
				CLANG_WARN_DEPRECATED_OBJC_IMPLEMENTATIONS = YES;
				CLANG_WARN_DIRECT_OBJC_ISA_USAGE = YES_ERROR;
				CLANG_WARN_DOCUMENTATION_COMMENTS = YES;
				CLANG_WARN_EMPTY_BODY = YES;
				CLANG_WARN_ENUM_CONVERSION = YES;
				CLANG_WARN_INFINITE_RECURSION = YES;
				CLANG_WARN_INT_CONVERSION = YES;
				CLANG_WARN_NON_LITERAL_NULL_CONVERSION = YES;
				CLANG_WARN_OBJC_IMPLICIT_RETAIN_SELF = YES;
				CLANG_WARN_OBJC_LITERAL_CONVERSION = YES;
				CLANG_WARN_OBJC_ROOT_CLASS = YES_ERROR;
				CLANG_WARN_QUOTED_INCLUDE_IN_FRAMEWORK_HEADER = YES;
				CLANG_WARN_RANGE_LOOP_ANALYSIS = YES;
				CLANG_WARN_STRICT_PROTOTYPES = YES;
				CLANG_WARN_SUSPICIOUS_MOVE = YES;
				CLANG_WARN_UNGUARDED_AVAILABILITY = YES_AGGRESSIVE;
				CLANG_WARN_UNREACHABLE_CODE = YES;
				CLANG_WARN__DUPLICATE_METHOD_MATCH = YES;
				COPY_PHASE_STRIP = NO;
				DEBUG_INFORMATION_FORMAT = "dwarf-with-dsym";
				ENABLE_NS_ASSERTIONS = NO;
				ENABLE_STRICT_OBJC_MSGSEND = YES;
				GCC_C_LANGUAGE_STANDARD = gnu11;
				GCC_NO_COMMON_BLOCKS = YES;
				GCC_WARN_64_TO_32_BIT_CONVERSION = YES;
				GCC_WARN_ABOUT_RETURN_TYPE = YES_ERROR;
				GCC_WARN_UNDECLARED_SELECTOR = YES;
				GCC_WARN_UNINITIALIZED_AUTOS = YES_AGGRESSIVE;
				GCC_WARN_UNUSED_FUNCTION = YES;
				GCC_WARN_UNUSED_VARIABLE = YES;
				IPHONEOS_DEPLOYMENT_TARGET = 16.0;
				MTL_ENABLE_DEBUG_INFO = NO;
				MTL_FAST_MATH = YES;
				SDKROOT = iphoneos;
				SWIFT_COMPILATION_MODE = wholemodule;
				SWIFT_OPTIMIZATION_LEVEL = "-O";
				VALIDATE_PRODUCT = YES;
			};
			name = Release;
		};
		86E4BCB42965248C00244E88 /* Debug */ = {
			isa = XCBuildConfiguration;
			baseConfigurationReference = 422838B4F703525B278161DB /* Pods-IdEatThere.debug.xcconfig */;
			buildSettings = {
				ASSETCATALOG_COMPILER_APPICON_NAME = AppIcon;
				ASSETCATALOG_COMPILER_GLOBAL_ACCENT_COLOR_NAME = AccentColor;
				CODE_SIGN_STYLE = Automatic;
				CURRENT_PROJECT_VERSION = 1;
				DEVELOPMENT_ASSET_PATHS = "\"IdEatThere/Preview Content\"";
				DEVELOPMENT_TEAM = B4VL48Q5L8;
				ENABLE_PREVIEWS = YES;
				GENERATE_INFOPLIST_FILE = YES;
				INFOPLIST_KEY_CFBundleDisplayName = "I'd Eat There";
				INFOPLIST_KEY_NSLocationWhenInUseUsageDescription = "Grant permission to view restaurants and sights near you.";
				INFOPLIST_KEY_UIApplicationSceneManifest_Generation = YES;
				INFOPLIST_KEY_UIApplicationSupportsIndirectInputEvents = YES;
				INFOPLIST_KEY_UILaunchScreen_Generation = YES;
				INFOPLIST_KEY_UISupportedInterfaceOrientations = UIInterfaceOrientationPortrait;
				INFOPLIST_KEY_UISupportedInterfaceOrientations_iPad = "UIInterfaceOrientationPortrait UIInterfaceOrientationPortraitUpsideDown";
				IPHONEOS_DEPLOYMENT_TARGET = 15.0;
				LD_RUNPATH_SEARCH_PATHS = (
					"$(inherited)",
					"@executable_path/Frameworks",
				);
				MARKETING_VERSION = 1.0;
				PRODUCT_BUNDLE_IDENTIFIER = com.brilyanteappsllc.IdEatThere;
				PRODUCT_NAME = "$(TARGET_NAME)";
				SWIFT_EMIT_LOC_STRINGS = YES;
				SWIFT_VERSION = 5.0;
				TARGETED_DEVICE_FAMILY = "1,2";
			};
			name = Debug;
		};
		86E4BCB52965248C00244E88 /* Release */ = {
			isa = XCBuildConfiguration;
			baseConfigurationReference = D66B215D3126B07E0E42B1F9 /* Pods-IdEatThere.release.xcconfig */;
			buildSettings = {
				ASSETCATALOG_COMPILER_APPICON_NAME = AppIcon;
				ASSETCATALOG_COMPILER_GLOBAL_ACCENT_COLOR_NAME = AccentColor;
				CODE_SIGN_STYLE = Automatic;
				CURRENT_PROJECT_VERSION = 1;
				DEVELOPMENT_ASSET_PATHS = "\"IdEatThere/Preview Content\"";
				DEVELOPMENT_TEAM = B4VL48Q5L8;
				ENABLE_PREVIEWS = YES;
				GENERATE_INFOPLIST_FILE = YES;
				INFOPLIST_KEY_CFBundleDisplayName = "I'd Eat There";
				INFOPLIST_KEY_NSLocationWhenInUseUsageDescription = "Grant permission to view restaurants and sights near you.";
				INFOPLIST_KEY_UIApplicationSceneManifest_Generation = YES;
				INFOPLIST_KEY_UIApplicationSupportsIndirectInputEvents = YES;
				INFOPLIST_KEY_UILaunchScreen_Generation = YES;
				INFOPLIST_KEY_UISupportedInterfaceOrientations = UIInterfaceOrientationPortrait;
				INFOPLIST_KEY_UISupportedInterfaceOrientations_iPad = "UIInterfaceOrientationPortrait UIInterfaceOrientationPortraitUpsideDown";
				IPHONEOS_DEPLOYMENT_TARGET = 15.0;
				LD_RUNPATH_SEARCH_PATHS = (
					"$(inherited)",
					"@executable_path/Frameworks",
				);
				MARKETING_VERSION = 1.0;
				PRODUCT_BUNDLE_IDENTIFIER = com.brilyanteappsllc.IdEatThere;
				PRODUCT_NAME = "$(TARGET_NAME)";
				SWIFT_EMIT_LOC_STRINGS = YES;
				SWIFT_VERSION = 5.0;
				TARGETED_DEVICE_FAMILY = "1,2";
			};
			name = Release;
		};
/* End XCBuildConfiguration section */

/* Begin XCConfigurationList section */
		86E4BCA02965248900244E88 /* Build configuration list for PBXProject "IdEatThere" */ = {
			isa = XCConfigurationList;
			buildConfigurations = (
				86E4BCB12965248C00244E88 /* Debug */,
				86E4BCB22965248C00244E88 /* Release */,
			);
			defaultConfigurationIsVisible = 0;
			defaultConfigurationName = Release;
		};
		86E4BCB32965248C00244E88 /* Build configuration list for PBXNativeTarget "IdEatThere" */ = {
			isa = XCConfigurationList;
			buildConfigurations = (
				86E4BCB42965248C00244E88 /* Debug */,
				86E4BCB52965248C00244E88 /* Release */,
			);
			defaultConfigurationIsVisible = 0;
			defaultConfigurationName = Release;
		};
/* End XCConfigurationList section */
	};
	rootObject = 86E4BC9D2965248900244E88 /* Project object */;
}
