{
  "pins" : [
    {
      "identity" : "action-button",
      "kind" : "remoteSourceControl",
      "location" : "https://github.com/swiftui-library/action-button",
      "state" : {
        "revision" : "5c5d92a98ca86bf3c0d7bfe43385e44ffea1d554",
        "version" : "1.1.0"
      }
    },
    {
      "identity" : "combineexpectations",
      "kind" : "remoteSourceControl",
      "location" : "https://github.com/groue/CombineExpectations.git",
      "state" : {
        "branch" : "master",
        "revision" : "04d4e4b21c9e8361925f03f64a7ecda89ef9974f"
      }
    }
  ],
  "version" : 2
}
